// !$*UTF8*$!
{
	archiveVersion = 1;
	classes = {
	};
	objectVersion = 51;
	objects = {

/* Begin PBXBuildFile section */
		4117DB194E39148ABA33BF72 /* Pods_Zond.framework in Frameworks */ = {isa = PBXBuildFile; fileRef = B430AE2679D472BEA253696C /* Pods_Zond.framework */; };
		EC0ECE322449B9F5008B1479 /* Environment.swift in Sources */ = {isa = PBXBuildFile; fileRef = EC0ECE312449B9F5008B1479 /* Environment.swift */; };
		EC0F7D4624B51EDC005BB020 /* MissionPolygonTest.swift in Sources */ = {isa = PBXBuildFile; fileRef = EC0F7D4524B51EDC005BB020 /* MissionPolygonTest.swift */; };
		EC10BE32252F3F9E00D9A6B8 /* CommandViewController.swift in Sources */ = {isa = PBXBuildFile; fileRef = EC10BE31252F3F9E00D9A6B8 /* CommandViewController.swift */; };
		EC10BE37252F400C00D9A6B8 /* CommandView.swift in Sources */ = {isa = PBXBuildFile; fileRef = EC10BE36252F400C00D9A6B8 /* CommandView.swift */; };
		EC12A715244B1DB200DEC7A6 /* ConsoleView.swift in Sources */ = {isa = PBXBuildFile; fileRef = EC12A714244B1DB200DEC7A6 /* ConsoleView.swift */; };
		EC12A717244B316700DEC7A6 /* ConsoleViewController.swift in Sources */ = {isa = PBXBuildFile; fileRef = EC12A716244B316700DEC7A6 /* ConsoleViewController.swift */; };
		EC12E78D247531B500BF4AE6 /* LocationService.swift in Sources */ = {isa = PBXBuildFile; fileRef = EC12E78C247531B500BF4AE6 /* LocationService.swift */; };
		EC12E7902477E4C800BF4AE6 /* Fonts.swift in Sources */ = {isa = PBXBuildFile; fileRef = EC12E78F2477E4C800BF4AE6 /* Fonts.swift */; };
		EC12E7922477E4D400BF4AE6 /* Colors.swift in Sources */ = {isa = PBXBuildFile; fileRef = EC12E7912477E4D400BF4AE6 /* Colors.swift */; };
		EC12E7942477E4DF00BF4AE6 /* Dimensions.swift in Sources */ = {isa = PBXBuildFile; fileRef = EC12E7932477E4DF00BF4AE6 /* Dimensions.swift */; };
		EC12E79624792EFF00BF4AE6 /* StaticTelemetryViewController.swift in Sources */ = {isa = PBXBuildFile; fileRef = EC12E79524792EFF00BF4AE6 /* StaticTelemetryViewController.swift */; };
		EC12E798247933E900BF4AE6 /* StaticTelemetryView.swift in Sources */ = {isa = PBXBuildFile; fileRef = EC12E797247933E900BF4AE6 /* StaticTelemetryView.swift */; };
		EC13B6C424A5F771007ADDEF /* PointSet.swift in Sources */ = {isa = PBXBuildFile; fileRef = EC13B6C324A5F771007ADDEF /* PointSet.swift */; };
		EC13B6C624A62BDF007ADDEF /* Meander.swift in Sources */ = {isa = PBXBuildFile; fileRef = EC13B6C524A62BDF007ADDEF /* Meander.swift */; };
		EC14731B23B1EE9300385067 /* MovingObject.swift in Sources */ = {isa = PBXBuildFile; fileRef = EC14731A23B1EE9300385067 /* MovingObject.swift */; };
		EC14732223B1F02200385067 /* MovingObjectView.swift in Sources */ = {isa = PBXBuildFile; fileRef = EC14732123B1F02200385067 /* MovingObjectView.swift */; };
		EC14732623B1F07E00385067 /* MissionRenderer.swift in Sources */ = {isa = PBXBuildFile; fileRef = EC14732523B1F07E00385067 /* MissionRenderer.swift */; };
		EC14732823B1F62000385067 /* Hull.swift in Sources */ = {isa = PBXBuildFile; fileRef = EC14732723B1F62000385067 /* Hull.swift */; };
		EC14732A23B1F63000385067 /* Vector.swift in Sources */ = {isa = PBXBuildFile; fileRef = EC14732923B1F63000385067 /* Vector.swift */; };
		EC158057229B0A19000741DC /* CommandService.swift in Sources */ = {isa = PBXBuildFile; fileRef = EC158056229B0A19000741DC /* CommandService.swift */; };
		EC15EAD2227080250032ACB9 /* MapViewController.swift in Sources */ = {isa = PBXBuildFile; fileRef = EC15EAD1227080250032ACB9 /* MapViewController.swift */; };
		EC15EAD42270E0B80032ACB9 /* RootViewController.swift in Sources */ = {isa = PBXBuildFile; fileRef = EC15EAD32270E0B80032ACB9 /* RootViewController.swift */; };
		EC15EAD62271CBF50032ACB9 /* RootView.swift in Sources */ = {isa = PBXBuildFile; fileRef = EC15EAD52271CBF50032ACB9 /* RootView.swift */; };
		EC15EAD8227498D20032ACB9 /* MapView.swift in Sources */ = {isa = PBXBuildFile; fileRef = EC15EAD7227498D20032ACB9 /* MapView.swift */; };
		EC15EADA2274E6BE0032ACB9 /* TelemetryService.swift in Sources */ = {isa = PBXBuildFile; fileRef = EC15EAD92274E6BE0032ACB9 /* TelemetryService.swift */; };
		EC15EAE02286FD530032ACB9 /* SimulatorService.swift in Sources */ = {isa = PBXBuildFile; fileRef = EC15EADF2286FD530032ACB9 /* SimulatorService.swift */; };
		EC1678E4244623AD00C71203 /* LocatorViewController.swift in Sources */ = {isa = PBXBuildFile; fileRef = EC1678E3244623AD00C71203 /* LocatorViewController.swift */; };
		EC1678E6244625D500C71203 /* LocatorView.swift in Sources */ = {isa = PBXBuildFile; fileRef = EC1678E5244625D500C71203 /* LocatorView.swift */; };
		EC1CF4CE2549DCC5006A1BDE /* DynamicTelemetryViewController.swift in Sources */ = {isa = PBXBuildFile; fileRef = EC1CF4CD2549DCC5006A1BDE /* DynamicTelemetryViewController.swift */; };
		EC1CF4D72549DE57006A1BDE /* DynamicTelemetryView.swift in Sources */ = {isa = PBXBuildFile; fileRef = EC1CF4D62549DE57006A1BDE /* DynamicTelemetryView.swift */; };
		EC1CF4DC2549DEF2006A1BDE /* DynamicTelemetryLabel.swift in Sources */ = {isa = PBXBuildFile; fileRef = EC1CF4DB2549DEF2006A1BDE /* DynamicTelemetryLabel.swift */; };
		EC25DD9E252BCEA4004F5005 /* LocatorButton.swift in Sources */ = {isa = PBXBuildFile; fileRef = EC25DD9D252BCEA4004F5005 /* LocatorButton.swift */; };
		EC302E9D24A6A74300F4389B /* MeanderTest.swift in Sources */ = {isa = PBXBuildFile; fileRef = EC302E9C24A6A74300F4389B /* MeanderTest.swift */; };
		EC3E807E253B51B60061DB33 /* ParametersView.swift in Sources */ = {isa = PBXBuildFile; fileRef = EC3E807D253B51B60061DB33 /* ParametersView.swift */; };
		EC3E8083253B53560061DB33 /* ParametersViewController.swift in Sources */ = {isa = PBXBuildFile; fileRef = EC3E8082253B53560061DB33 /* ParametersViewController.swift */; };
		EC3E8097253B57FE0061DB33 /* ImportExportView.swift in Sources */ = {isa = PBXBuildFile; fileRef = EC3E8096253B57FE0061DB33 /* ImportExportView.swift */; };
		EC3E809C253B599F0061DB33 /* ImportExportViewController.swift in Sources */ = {isa = PBXBuildFile; fileRef = EC3E809B253B599F0061DB33 /* ImportExportViewController.swift */; };
		EC3E80A2253B927E0061DB33 /* MissionParameters.swift in Sources */ = {isa = PBXBuildFile; fileRef = EC3E80A1253B927E0061DB33 /* MissionParameters.swift */; };
		EC5F3471254CC82200CF7A7B /* DynamicTelemetryWidget.swift in Sources */ = {isa = PBXBuildFile; fileRef = EC5F3470254CC82200CF7A7B /* DynamicTelemetryWidget.swift */; };
		EC5F3479254EE68000CF7A7B /* ImportExportButton.swift in Sources */ = {isa = PBXBuildFile; fileRef = EC5F3478254EE68000CF7A7B /* ImportExportButton.swift */; };
		EC6360B0253CF84C00C0B0D1 /* Animations.swift in Sources */ = {isa = PBXBuildFile; fileRef = EC6360AF253CF84C00C0B0D1 /* Animations.swift */; };
		EC950E8721B81EA600B3A03D /* AppDelegate.swift in Sources */ = {isa = PBXBuildFile; fileRef = EC950E8621B81EA600B3A03D /* AppDelegate.swift */; };
		EC950E8921B81EA600B3A03D /* ConnectionService.swift in Sources */ = {isa = PBXBuildFile; fileRef = EC950E8821B81EA600B3A03D /* ConnectionService.swift */; };
		EC950E8E21B81EA700B3A03D /* Assets.xcassets in Resources */ = {isa = PBXBuildFile; fileRef = EC950E8D21B81EA700B3A03D /* Assets.xcassets */; };
		EC950E9C21B81EA700B3A03D /* HullTest.swift in Sources */ = {isa = PBXBuildFile; fileRef = EC950E9B21B81EA700B3A03D /* HullTest.swift */; };
		ECA2244D2536394100A777AB /* BatteryWidget.swift in Sources */ = {isa = PBXBuildFile; fileRef = ECA2244C2536394100A777AB /* BatteryWidget.swift */; };
		ECA2246825365B4D00A777AB /* FlightModeWidget.swift in Sources */ = {isa = PBXBuildFile; fileRef = ECA2246725365B4D00A777AB /* FlightModeWidget.swift */; };
		ECA224702536600C00A777AB /* LinkSignalWidget.swift in Sources */ = {isa = PBXBuildFile; fileRef = ECA2246F2536600C00A777AB /* LinkSignalWidget.swift */; };
		ECA2247C253755C500A777AB /* GpsSignalWidget.swift in Sources */ = {isa = PBXBuildFile; fileRef = ECA2247B253755C500A777AB /* GpsSignalWidget.swift */; };
		ECAAC83A2299B83700FB360F /* MissionView.swift in Sources */ = {isa = PBXBuildFile; fileRef = ECAAC8392299B83700FB360F /* MissionView.swift */; };
		ECAE70282539F016005EB6AD /* MissionStorage.swift in Sources */ = {isa = PBXBuildFile; fileRef = ECAE70272539F016005EB6AD /* MissionStorage.swift */; };
		ECAE70422539FE8C005EB6AD /* ParameterEditView.swift in Sources */ = {isa = PBXBuildFile; fileRef = ECAE70412539FE8C005EB6AD /* ParameterEditView.swift */; };
		ECB121B62529F53B00C0C56F /* StatusView.swift in Sources */ = {isa = PBXBuildFile; fileRef = ECB121B52529F53B00C0C56F /* StatusView.swift */; };
		ECB121BB2529F60C00C0C56F /* StatusViewController.swift in Sources */ = {isa = PBXBuildFile; fileRef = ECB121BA2529F60C00C0C56F /* StatusViewController.swift */; };
		ECB6B8EE24A2442E002C4B04 /* Line.swift in Sources */ = {isa = PBXBuildFile; fileRef = ECB6B8ED24A2442E002C4B04 /* Line.swift */; };
		ECB6B8F024A2883D002C4B04 /* LineTest.swift in Sources */ = {isa = PBXBuildFile; fileRef = ECB6B8EF24A2883D002C4B04 /* LineTest.swift */; };
		ECB6B8F424A414CE002C4B04 /* Span.swift in Sources */ = {isa = PBXBuildFile; fileRef = ECB6B8F324A414CE002C4B04 /* Span.swift */; };
		ECB6B8F624A4178F002C4B04 /* SpanTest.swift in Sources */ = {isa = PBXBuildFile; fileRef = ECB6B8F524A4178F002C4B04 /* SpanTest.swift */; };
		ECB6B8F824A41F1D002C4B04 /* VectorTest.swift in Sources */ = {isa = PBXBuildFile; fileRef = ECB6B8F724A41F1D002C4B04 /* VectorTest.swift */; };
		ECCB449724B36D7F005AA1F6 /* MissionPolygon.swift in Sources */ = {isa = PBXBuildFile; fileRef = ECCB449624B36D7F005AA1F6 /* MissionPolygon.swift */; };
		ECCECA732533374300433879 /* MenuButton.swift in Sources */ = {isa = PBXBuildFile; fileRef = ECCECA722533374300433879 /* MenuButton.swift */; };
		ECDF4B7222593AC600C98F71 /* MissionViewController.swift in Sources */ = {isa = PBXBuildFile; fileRef = ECDF4B7122593AC600C98F71 /* MissionViewController.swift */; };
		ECEEEEF4226BA5E7005A71C6 /* BaseService.swift in Sources */ = {isa = PBXBuildFile; fileRef = ECEEEEF3226BA5E7005A71C6 /* BaseService.swift */; };
		ECEFC6F12533237200BA1B1B /* CommandButton.swift in Sources */ = {isa = PBXBuildFile; fileRef = ECEFC6F02533237200BA1B1B /* CommandButton.swift */; };
		ECF5594C252FDB1100FFAEA9 /* MissionState.swift in Sources */ = {isa = PBXBuildFile; fileRef = ECF5594B252FDB1100FFAEA9 /* MissionState.swift */; };
/* End PBXBuildFile section */

/* Begin PBXContainerItemProxy section */
		EC950E9821B81EA700B3A03D /* PBXContainerItemProxy */ = {
			isa = PBXContainerItemProxy;
			containerPortal = EC950E7B21B81EA600B3A03D /* Project object */;
			proxyType = 1;
			remoteGlobalIDString = EC950E8221B81EA600B3A03D;
			remoteInfo = DroneMap;
		};
/* End PBXContainerItemProxy section */

/* Begin PBXFileReference section */
		097F1AB90CD555528FD5EFD6 /* Pods-AeroGlaz.debug.xcconfig */ = {isa = PBXFileReference; includeInIndex = 1; lastKnownFileType = text.xcconfig; name = "Pods-AeroGlaz.debug.xcconfig"; path = "Target Support Files/Pods-AeroGlaz/Pods-AeroGlaz.debug.xcconfig"; sourceTree = "<group>"; };
		2DD44200430D5842EE531D6F /* Pods-Zond.release.xcconfig */ = {isa = PBXFileReference; includeInIndex = 1; lastKnownFileType = text.xcconfig; name = "Pods-Zond.release.xcconfig"; path = "Target Support Files/Pods-Zond/Pods-Zond.release.xcconfig"; sourceTree = "<group>"; };
		7A605E403BFEFE2FCB6E2F85 /* Pods-AeroGlaz.release.xcconfig */ = {isa = PBXFileReference; includeInIndex = 1; lastKnownFileType = text.xcconfig; name = "Pods-AeroGlaz.release.xcconfig"; path = "Target Support Files/Pods-AeroGlaz/Pods-AeroGlaz.release.xcconfig"; sourceTree = "<group>"; };
		7E80D0AC8293367C6FC97F59 /* Pods-Zond.debug.xcconfig */ = {isa = PBXFileReference; includeInIndex = 1; lastKnownFileType = text.xcconfig; name = "Pods-Zond.debug.xcconfig"; path = "Target Support Files/Pods-Zond/Pods-Zond.debug.xcconfig"; sourceTree = "<group>"; };
		B430AE2679D472BEA253696C /* Pods_Zond.framework */ = {isa = PBXFileReference; explicitFileType = wrapper.framework; includeInIndex = 0; path = Pods_Zond.framework; sourceTree = BUILT_PRODUCTS_DIR; };
		EC0ECE312449B9F5008B1479 /* Environment.swift */ = {isa = PBXFileReference; lastKnownFileType = sourcecode.swift; path = Environment.swift; sourceTree = "<group>"; };
		EC0F7D4524B51EDC005BB020 /* MissionPolygonTest.swift */ = {isa = PBXFileReference; lastKnownFileType = sourcecode.swift; path = MissionPolygonTest.swift; sourceTree = "<group>"; };
		EC10BE31252F3F9E00D9A6B8 /* CommandViewController.swift */ = {isa = PBXFileReference; lastKnownFileType = sourcecode.swift; path = CommandViewController.swift; sourceTree = "<group>"; };
		EC10BE36252F400C00D9A6B8 /* CommandView.swift */ = {isa = PBXFileReference; lastKnownFileType = sourcecode.swift; path = CommandView.swift; sourceTree = "<group>"; };
		EC12A714244B1DB200DEC7A6 /* ConsoleView.swift */ = {isa = PBXFileReference; lastKnownFileType = sourcecode.swift; path = ConsoleView.swift; sourceTree = "<group>"; };
		EC12A716244B316700DEC7A6 /* ConsoleViewController.swift */ = {isa = PBXFileReference; lastKnownFileType = sourcecode.swift; path = ConsoleViewController.swift; sourceTree = "<group>"; };
		EC12E78C247531B500BF4AE6 /* LocationService.swift */ = {isa = PBXFileReference; lastKnownFileType = sourcecode.swift; path = LocationService.swift; sourceTree = "<group>"; };
		EC12E78F2477E4C800BF4AE6 /* Fonts.swift */ = {isa = PBXFileReference; lastKnownFileType = sourcecode.swift; path = Fonts.swift; sourceTree = "<group>"; };
		EC12E7912477E4D400BF4AE6 /* Colors.swift */ = {isa = PBXFileReference; lastKnownFileType = sourcecode.swift; path = Colors.swift; sourceTree = "<group>"; };
		EC12E7932477E4DF00BF4AE6 /* Dimensions.swift */ = {isa = PBXFileReference; lastKnownFileType = sourcecode.swift; path = Dimensions.swift; sourceTree = "<group>"; };
		EC12E79524792EFF00BF4AE6 /* StaticTelemetryViewController.swift */ = {isa = PBXFileReference; lastKnownFileType = sourcecode.swift; path = StaticTelemetryViewController.swift; sourceTree = "<group>"; };
		EC12E797247933E900BF4AE6 /* StaticTelemetryView.swift */ = {isa = PBXFileReference; lastKnownFileType = sourcecode.swift; path = StaticTelemetryView.swift; sourceTree = "<group>"; };
		EC13B6C324A5F771007ADDEF /* PointSet.swift */ = {isa = PBXFileReference; lastKnownFileType = sourcecode.swift; path = PointSet.swift; sourceTree = "<group>"; };
		EC13B6C524A62BDF007ADDEF /* Meander.swift */ = {isa = PBXFileReference; lastKnownFileType = sourcecode.swift; path = Meander.swift; sourceTree = "<group>"; };
		EC14731A23B1EE9300385067 /* MovingObject.swift */ = {isa = PBXFileReference; lastKnownFileType = sourcecode.swift; path = MovingObject.swift; sourceTree = "<group>"; };
		EC14732123B1F02200385067 /* MovingObjectView.swift */ = {isa = PBXFileReference; lastKnownFileType = sourcecode.swift; path = MovingObjectView.swift; sourceTree = "<group>"; };
		EC14732523B1F07E00385067 /* MissionRenderer.swift */ = {isa = PBXFileReference; lastKnownFileType = sourcecode.swift; path = MissionRenderer.swift; sourceTree = "<group>"; };
		EC14732723B1F62000385067 /* Hull.swift */ = {isa = PBXFileReference; lastKnownFileType = sourcecode.swift; path = Hull.swift; sourceTree = "<group>"; };
		EC14732923B1F63000385067 /* Vector.swift */ = {isa = PBXFileReference; lastKnownFileType = sourcecode.swift; path = Vector.swift; sourceTree = "<group>"; };
		EC158056229B0A19000741DC /* CommandService.swift */ = {isa = PBXFileReference; lastKnownFileType = sourcecode.swift; path = CommandService.swift; sourceTree = "<group>"; };
		EC15EAD1227080250032ACB9 /* MapViewController.swift */ = {isa = PBXFileReference; lastKnownFileType = sourcecode.swift; path = MapViewController.swift; sourceTree = "<group>"; };
		EC15EAD32270E0B80032ACB9 /* RootViewController.swift */ = {isa = PBXFileReference; lastKnownFileType = sourcecode.swift; path = RootViewController.swift; sourceTree = "<group>"; };
		EC15EAD52271CBF50032ACB9 /* RootView.swift */ = {isa = PBXFileReference; lastKnownFileType = sourcecode.swift; path = RootView.swift; sourceTree = "<group>"; };
		EC15EAD7227498D20032ACB9 /* MapView.swift */ = {isa = PBXFileReference; lastKnownFileType = sourcecode.swift; path = MapView.swift; sourceTree = "<group>"; };
		EC15EAD92274E6BE0032ACB9 /* TelemetryService.swift */ = {isa = PBXFileReference; lastKnownFileType = sourcecode.swift; path = TelemetryService.swift; sourceTree = "<group>"; };
		EC15EADF2286FD530032ACB9 /* SimulatorService.swift */ = {isa = PBXFileReference; lastKnownFileType = sourcecode.swift; path = SimulatorService.swift; sourceTree = "<group>"; };
		EC1678E3244623AD00C71203 /* LocatorViewController.swift */ = {isa = PBXFileReference; lastKnownFileType = sourcecode.swift; path = LocatorViewController.swift; sourceTree = "<group>"; };
		EC1678E5244625D500C71203 /* LocatorView.swift */ = {isa = PBXFileReference; lastKnownFileType = sourcecode.swift; path = LocatorView.swift; sourceTree = "<group>"; };
		EC1CF4CD2549DCC5006A1BDE /* DynamicTelemetryViewController.swift */ = {isa = PBXFileReference; lastKnownFileType = sourcecode.swift; path = DynamicTelemetryViewController.swift; sourceTree = "<group>"; };
		EC1CF4D62549DE57006A1BDE /* DynamicTelemetryView.swift */ = {isa = PBXFileReference; lastKnownFileType = sourcecode.swift; path = DynamicTelemetryView.swift; sourceTree = "<group>"; };
		EC1CF4DB2549DEF2006A1BDE /* DynamicTelemetryLabel.swift */ = {isa = PBXFileReference; lastKnownFileType = sourcecode.swift; path = DynamicTelemetryLabel.swift; sourceTree = "<group>"; };
		EC25DD9D252BCEA4004F5005 /* LocatorButton.swift */ = {isa = PBXFileReference; lastKnownFileType = sourcecode.swift; path = LocatorButton.swift; sourceTree = "<group>"; };
		EC302E9C24A6A74300F4389B /* MeanderTest.swift */ = {isa = PBXFileReference; lastKnownFileType = sourcecode.swift; path = MeanderTest.swift; sourceTree = "<group>"; };
		EC3E807D253B51B60061DB33 /* ParametersView.swift */ = {isa = PBXFileReference; lastKnownFileType = sourcecode.swift; path = ParametersView.swift; sourceTree = "<group>"; };
		EC3E8082253B53560061DB33 /* ParametersViewController.swift */ = {isa = PBXFileReference; lastKnownFileType = sourcecode.swift; path = ParametersViewController.swift; sourceTree = "<group>"; };
		EC3E8096253B57FE0061DB33 /* ImportExportView.swift */ = {isa = PBXFileReference; lastKnownFileType = sourcecode.swift; path = ImportExportView.swift; sourceTree = "<group>"; };
		EC3E809B253B599F0061DB33 /* ImportExportViewController.swift */ = {isa = PBXFileReference; lastKnownFileType = sourcecode.swift; path = ImportExportViewController.swift; sourceTree = "<group>"; };
		EC3E80A1253B927E0061DB33 /* MissionParameters.swift */ = {isa = PBXFileReference; lastKnownFileType = sourcecode.swift; path = MissionParameters.swift; sourceTree = "<group>"; };
		EC5F3470254CC82200CF7A7B /* DynamicTelemetryWidget.swift */ = {isa = PBXFileReference; lastKnownFileType = sourcecode.swift; path = DynamicTelemetryWidget.swift; sourceTree = "<group>"; };
		EC5F3478254EE68000CF7A7B /* ImportExportButton.swift */ = {isa = PBXFileReference; lastKnownFileType = sourcecode.swift; path = ImportExportButton.swift; sourceTree = "<group>"; };
		EC6360AF253CF84C00C0B0D1 /* Animations.swift */ = {isa = PBXFileReference; lastKnownFileType = sourcecode.swift; path = Animations.swift; sourceTree = "<group>"; };
		EC950E8321B81EA600B3A03D /* Zond.app */ = {isa = PBXFileReference; explicitFileType = wrapper.application; includeInIndex = 0; path = Zond.app; sourceTree = BUILT_PRODUCTS_DIR; };
		EC950E8621B81EA600B3A03D /* AppDelegate.swift */ = {isa = PBXFileReference; lastKnownFileType = sourcecode.swift; path = AppDelegate.swift; sourceTree = "<group>"; };
		EC950E8821B81EA600B3A03D /* ConnectionService.swift */ = {isa = PBXFileReference; lastKnownFileType = sourcecode.swift; path = ConnectionService.swift; sourceTree = "<group>"; };
		EC950E8D21B81EA700B3A03D /* Assets.xcassets */ = {isa = PBXFileReference; lastKnownFileType = folder.assetcatalog; path = Assets.xcassets; sourceTree = "<group>"; };
		EC950E9221B81EA700B3A03D /* Info.plist */ = {isa = PBXFileReference; lastKnownFileType = text.plist.xml; path = Info.plist; sourceTree = "<group>"; };
		EC950E9721B81EA700B3A03D /* ZondTests.xctest */ = {isa = PBXFileReference; explicitFileType = wrapper.cfbundle; includeInIndex = 0; path = ZondTests.xctest; sourceTree = BUILT_PRODUCTS_DIR; };
		EC950E9B21B81EA700B3A03D /* HullTest.swift */ = {isa = PBXFileReference; lastKnownFileType = sourcecode.swift; path = HullTest.swift; sourceTree = "<group>"; };
		EC950E9D21B81EA700B3A03D /* Info.plist */ = {isa = PBXFileReference; lastKnownFileType = text.plist.xml; path = Info.plist; sourceTree = "<group>"; };
		ECA2244C2536394100A777AB /* BatteryWidget.swift */ = {isa = PBXFileReference; lastKnownFileType = sourcecode.swift; path = BatteryWidget.swift; sourceTree = "<group>"; };
		ECA2246725365B4D00A777AB /* FlightModeWidget.swift */ = {isa = PBXFileReference; lastKnownFileType = sourcecode.swift; path = FlightModeWidget.swift; sourceTree = "<group>"; };
		ECA2246F2536600C00A777AB /* LinkSignalWidget.swift */ = {isa = PBXFileReference; lastKnownFileType = sourcecode.swift; path = LinkSignalWidget.swift; sourceTree = "<group>"; };
		ECA2247B253755C500A777AB /* GpsSignalWidget.swift */ = {isa = PBXFileReference; lastKnownFileType = sourcecode.swift; path = GpsSignalWidget.swift; sourceTree = "<group>"; };
		ECAAC8392299B83700FB360F /* MissionView.swift */ = {isa = PBXFileReference; lastKnownFileType = sourcecode.swift; path = MissionView.swift; sourceTree = "<group>"; };
		ECAE70272539F016005EB6AD /* MissionStorage.swift */ = {isa = PBXFileReference; lastKnownFileType = sourcecode.swift; path = MissionStorage.swift; sourceTree = "<group>"; };
		ECAE70412539FE8C005EB6AD /* ParameterEditView.swift */ = {isa = PBXFileReference; lastKnownFileType = sourcecode.swift; path = ParameterEditView.swift; sourceTree = "<group>"; };
		ECB121B52529F53B00C0C56F /* StatusView.swift */ = {isa = PBXFileReference; lastKnownFileType = sourcecode.swift; path = StatusView.swift; sourceTree = "<group>"; };
		ECB121BA2529F60C00C0C56F /* StatusViewController.swift */ = {isa = PBXFileReference; lastKnownFileType = sourcecode.swift; path = StatusViewController.swift; sourceTree = "<group>"; };
		ECB6B8ED24A2442E002C4B04 /* Line.swift */ = {isa = PBXFileReference; lastKnownFileType = sourcecode.swift; path = Line.swift; sourceTree = "<group>"; };
		ECB6B8EF24A2883D002C4B04 /* LineTest.swift */ = {isa = PBXFileReference; lastKnownFileType = sourcecode.swift; path = LineTest.swift; sourceTree = "<group>"; };
		ECB6B8F324A414CE002C4B04 /* Span.swift */ = {isa = PBXFileReference; lastKnownFileType = sourcecode.swift; path = Span.swift; sourceTree = "<group>"; };
		ECB6B8F524A4178F002C4B04 /* SpanTest.swift */ = {isa = PBXFileReference; lastKnownFileType = sourcecode.swift; path = SpanTest.swift; sourceTree = "<group>"; };
		ECB6B8F724A41F1D002C4B04 /* VectorTest.swift */ = {isa = PBXFileReference; lastKnownFileType = sourcecode.swift; path = VectorTest.swift; sourceTree = "<group>"; };
		ECCB449624B36D7F005AA1F6 /* MissionPolygon.swift */ = {isa = PBXFileReference; lastKnownFileType = sourcecode.swift; path = MissionPolygon.swift; sourceTree = "<group>"; };
		ECCECA722533374300433879 /* MenuButton.swift */ = {isa = PBXFileReference; lastKnownFileType = sourcecode.swift; path = MenuButton.swift; sourceTree = "<group>"; };
		ECDF4B7122593AC600C98F71 /* MissionViewController.swift */ = {isa = PBXFileReference; lastKnownFileType = sourcecode.swift; path = MissionViewController.swift; sourceTree = "<group>"; };
		ECEEEEF3226BA5E7005A71C6 /* BaseService.swift */ = {isa = PBXFileReference; lastKnownFileType = sourcecode.swift; path = BaseService.swift; sourceTree = "<group>"; };
		ECEFC6F02533237200BA1B1B /* CommandButton.swift */ = {isa = PBXFileReference; lastKnownFileType = sourcecode.swift; path = CommandButton.swift; sourceTree = "<group>"; };
		ECF5594B252FDB1100FFAEA9 /* MissionState.swift */ = {isa = PBXFileReference; lastKnownFileType = sourcecode.swift; path = MissionState.swift; sourceTree = "<group>"; };
/* End PBXFileReference section */

/* Begin PBXFrameworksBuildPhase section */
		EC950E8021B81EA600B3A03D /* Frameworks */ = {
			isa = PBXFrameworksBuildPhase;
			buildActionMask = 2147483647;
			files = (
				4117DB194E39148ABA33BF72 /* Pods_Zond.framework in Frameworks */,
			);
			runOnlyForDeploymentPostprocessing = 0;
		};
		EC950E9421B81EA700B3A03D /* Frameworks */ = {
			isa = PBXFrameworksBuildPhase;
			buildActionMask = 2147483647;
			files = (
			);
			runOnlyForDeploymentPostprocessing = 0;
		};
/* End PBXFrameworksBuildPhase section */

/* Begin PBXGroup section */
		918ECB132C2AC04D3D2E620F /* Pods */ = {
			isa = PBXGroup;
			children = (
				097F1AB90CD555528FD5EFD6 /* Pods-AeroGlaz.debug.xcconfig */,
				7A605E403BFEFE2FCB6E2F85 /* Pods-AeroGlaz.release.xcconfig */,
				7E80D0AC8293367C6FC97F59 /* Pods-Zond.debug.xcconfig */,
				2DD44200430D5842EE531D6F /* Pods-Zond.release.xcconfig */,
			);
			path = Pods;
			sourceTree = "<group>";
		};
		ABE370997E7D2DC38A5094D4 /* Frameworks */ = {
			isa = PBXGroup;
			children = (
				B430AE2679D472BEA253696C /* Pods_Zond.framework */,
			);
			name = Frameworks;
			sourceTree = "<group>";
		};
		EC12E78E2477E49800BF4AE6 /* Common */ = {
			isa = PBXGroup;
			children = (
				ECF55953252FDB1C00FFAEA9 /* Constants */,
				EC3E80A0253B92610061DB33 /* Mission */,
				EC0ECE312449B9F5008B1479 /* Environment.swift */,
			);
			path = Common;
			sourceTree = "<group>";
		};
		EC15EACE226DE7E70032ACB9 /* Views */ = {
			isa = PBXGroup;
			children = (
				ECAE70322539FB96005EB6AD /* Map */,
				ECAE70352539FC46005EB6AD /* MissionMenu */,
				ECAE70332539FBC5005EB6AD /* StatusBar */,
				ECA2245225364EE900A777AB /* LocatorButtons */,
				ECAE70342539FC05005EB6AD /* CommandButtons */,
				EC1CF4D52549DE25006A1BDE /* TelemetryIndicators */,
				EC15EAD52271CBF50032ACB9 /* RootView.swift */,
			);
			path = Views;
			sourceTree = "<group>";
		};
		EC1678E724473DC800C71203 /* StaticTelemetryWidgets */ = {
			isa = PBXGroup;
			children = (
				ECA2246725365B4D00A777AB /* FlightModeWidget.swift */,
				ECA2247B253755C500A777AB /* GpsSignalWidget.swift */,
				ECA2246F2536600C00A777AB /* LinkSignalWidget.swift */,
				ECA2244C2536394100A777AB /* BatteryWidget.swift */,
			);
			path = StaticTelemetryWidgets;
			sourceTree = "<group>";
		};
		EC1CF4D52549DE25006A1BDE /* TelemetryIndicators */ = {
			isa = PBXGroup;
			children = (
				EC1CF4DB2549DEF2006A1BDE /* DynamicTelemetryLabel.swift */,
				EC5F3470254CC82200CF7A7B /* DynamicTelemetryWidget.swift */,
				EC1CF4D62549DE57006A1BDE /* DynamicTelemetryView.swift */,
			);
			path = TelemetryIndicators;
			sourceTree = "<group>";
		};
		EC3E80A0253B92610061DB33 /* Mission */ = {
			isa = PBXGroup;
			children = (
				ECF5594B252FDB1100FFAEA9 /* MissionState.swift */,
				ECAE70272539F016005EB6AD /* MissionStorage.swift */,
				EC3E80A1253B927E0061DB33 /* MissionParameters.swift */,
			);
			path = Mission;
			sourceTree = "<group>";
		};
		EC950E7A21B81EA600B3A03D = {
			isa = PBXGroup;
			children = (
				EC950E8521B81EA600B3A03D /* Zond */,
				EC950E9A21B81EA700B3A03D /* ZondTests */,
				EC950E8421B81EA600B3A03D /* Products */,
				918ECB132C2AC04D3D2E620F /* Pods */,
				ABE370997E7D2DC38A5094D4 /* Frameworks */,
			);
			sourceTree = "<group>";
		};
		EC950E8421B81EA600B3A03D /* Products */ = {
			isa = PBXGroup;
			children = (
				EC950E8321B81EA600B3A03D /* Zond.app */,
				EC950E9721B81EA700B3A03D /* ZondTests.xctest */,
			);
			name = Products;
			sourceTree = "<group>";
		};
		EC950E8521B81EA600B3A03D /* Zond */ = {
			isa = PBXGroup;
			children = (
				EC950E8621B81EA600B3A03D /* AppDelegate.swift */,
				EC12E78E2477E49800BF4AE6 /* Common */,
				ECEEEEEA2267A96A005A71C6 /* Services */,
				ECEEEEE92267A959005A71C6 /* Controllers */,
				EC15EACE226DE7E70032ACB9 /* Views */,
				EC950E8D21B81EA700B3A03D /* Assets.xcassets */,
				EC950E9221B81EA700B3A03D /* Info.plist */,
			);
			path = Zond;
			sourceTree = "<group>";
		};
		EC950E9A21B81EA700B3A03D /* ZondTests */ = {
			isa = PBXGroup;
			children = (
				ECB6B8EF24A2883D002C4B04 /* LineTest.swift */,
				ECB6B8F524A4178F002C4B04 /* SpanTest.swift */,
				ECB6B8F724A41F1D002C4B04 /* VectorTest.swift */,
				EC950E9B21B81EA700B3A03D /* HullTest.swift */,
				EC302E9C24A6A74300F4389B /* MeanderTest.swift */,
				EC0F7D4524B51EDC005BB020 /* MissionPolygonTest.swift */,
				EC950E9D21B81EA700B3A03D /* Info.plist */,
			);
			path = ZondTests;
			sourceTree = "<group>";
		};
		ECA2245225364EE900A777AB /* LocatorButtons */ = {
			isa = PBXGroup;
			children = (
				EC25DD9D252BCEA4004F5005 /* LocatorButton.swift */,
				EC1678E5244625D500C71203 /* LocatorView.swift */,
			);
			path = LocatorButtons;
			sourceTree = "<group>";
		};
		ECAE70322539FB96005EB6AD /* Map */ = {
			isa = PBXGroup;
			children = (
				ECD7148E2365B09800958956 /* Geometry */,
				EC14732123B1F02200385067 /* MovingObjectView.swift */,
				EC14732523B1F07E00385067 /* MissionRenderer.swift */,
				EC15EAD7227498D20032ACB9 /* MapView.swift */,
			);
			path = Map;
			sourceTree = "<group>";
		};
		ECAE70332539FBC5005EB6AD /* StatusBar */ = {
			isa = PBXGroup;
			children = (
				EC1678E724473DC800C71203 /* StaticTelemetryWidgets */,
				ECCECA722533374300433879 /* MenuButton.swift */,
				EC12A714244B1DB200DEC7A6 /* ConsoleView.swift */,
				EC12E797247933E900BF4AE6 /* StaticTelemetryView.swift */,
				ECB121B52529F53B00C0C56F /* StatusView.swift */,
			);
			path = StatusBar;
			sourceTree = "<group>";
		};
		ECAE70342539FC05005EB6AD /* CommandButtons */ = {
			isa = PBXGroup;
			children = (
				ECEFC6F02533237200BA1B1B /* CommandButton.swift */,
				EC10BE36252F400C00D9A6B8 /* CommandView.swift */,
			);
			path = CommandButtons;
			sourceTree = "<group>";
		};
		ECAE70352539FC46005EB6AD /* MissionMenu */ = {
			isa = PBXGroup;
			children = (
				ECAE70412539FE8C005EB6AD /* ParameterEditView.swift */,
				EC3E807D253B51B60061DB33 /* ParametersView.swift */,
				EC5F3478254EE68000CF7A7B /* ImportExportButton.swift */,
				EC3E8096253B57FE0061DB33 /* ImportExportView.swift */,
				ECAAC8392299B83700FB360F /* MissionView.swift */,
			);
			path = MissionMenu;
			sourceTree = "<group>";
		};
		ECAE70392539FCC0005EB6AD /* Map */ = {
			isa = PBXGroup;
			children = (
				EC14731A23B1EE9300385067 /* MovingObject.swift */,
				ECCB449624B36D7F005AA1F6 /* MissionPolygon.swift */,
				EC15EAD1227080250032ACB9 /* MapViewController.swift */,
			);
			path = Map;
			sourceTree = "<group>";
		};
		ECAE703A2539FCDE005EB6AD /* StatusBar */ = {
			isa = PBXGroup;
			children = (
				EC12A716244B316700DEC7A6 /* ConsoleViewController.swift */,
				EC12E79524792EFF00BF4AE6 /* StaticTelemetryViewController.swift */,
				ECB121BA2529F60C00C0C56F /* StatusViewController.swift */,
			);
			path = StatusBar;
			sourceTree = "<group>";
		};
		ECAE703E2539FDD7005EB6AD /* MissionMenu */ = {
			isa = PBXGroup;
			children = (
				EC3E8082253B53560061DB33 /* ParametersViewController.swift */,
				EC3E809B253B599F0061DB33 /* ImportExportViewController.swift */,
				ECDF4B7122593AC600C98F71 /* MissionViewController.swift */,
			);
			path = MissionMenu;
			sourceTree = "<group>";
		};
		ECD7148E2365B09800958956 /* Geometry */ = {
			isa = PBXGroup;
			children = (
				ECB6B8ED24A2442E002C4B04 /* Line.swift */,
				EC14732923B1F63000385067 /* Vector.swift */,
				ECB6B8F324A414CE002C4B04 /* Span.swift */,
				EC14732723B1F62000385067 /* Hull.swift */,
				EC13B6C524A62BDF007ADDEF /* Meander.swift */,
				EC13B6C324A5F771007ADDEF /* PointSet.swift */,
			);
			path = Geometry;
			sourceTree = "<group>";
		};
		ECEEEEE92267A959005A71C6 /* Controllers */ = {
			isa = PBXGroup;
			children = (
				ECAE70392539FCC0005EB6AD /* Map */,
				ECAE703E2539FDD7005EB6AD /* MissionMenu */,
				ECAE703A2539FCDE005EB6AD /* StatusBar */,
				EC1678E3244623AD00C71203 /* LocatorViewController.swift */,
				EC1CF4CD2549DCC5006A1BDE /* DynamicTelemetryViewController.swift */,
				EC10BE31252F3F9E00D9A6B8 /* CommandViewController.swift */,
				EC15EAD32270E0B80032ACB9 /* RootViewController.swift */,
			);
			path = Controllers;
			sourceTree = "<group>";
		};
		ECEEEEEA2267A96A005A71C6 /* Services */ = {
			isa = PBXGroup;
			children = (
				ECEEEEF3226BA5E7005A71C6 /* BaseService.swift */,
				EC950E8821B81EA600B3A03D /* ConnectionService.swift */,
				EC15EADF2286FD530032ACB9 /* SimulatorService.swift */,
				EC158056229B0A19000741DC /* CommandService.swift */,
				EC12E78C247531B500BF4AE6 /* LocationService.swift */,
				EC15EAD92274E6BE0032ACB9 /* TelemetryService.swift */,
			);
			path = Services;
			sourceTree = "<group>";
		};
		ECF55953252FDB1C00FFAEA9 /* Constants */ = {
			isa = PBXGroup;
			children = (
				EC12E7932477E4DF00BF4AE6 /* Dimensions.swift */,
				EC12E78F2477E4C800BF4AE6 /* Fonts.swift */,
				EC12E7912477E4D400BF4AE6 /* Colors.swift */,
				EC6360AF253CF84C00C0B0D1 /* Animations.swift */,
			);
			path = Constants;
			sourceTree = "<group>";
		};
/* End PBXGroup section */

/* Begin PBXNativeTarget section */
		EC950E8221B81EA600B3A03D /* Zond */ = {
			isa = PBXNativeTarget;
			buildConfigurationList = EC950EAB21B81EA800B3A03D /* Build configuration list for PBXNativeTarget "Zond" */;
			buildPhases = (
				E9B7230BF60843A69B025722 /* [CP] Check Pods Manifest.lock */,
				EC950E7F21B81EA600B3A03D /* Sources */,
				EC950E8021B81EA600B3A03D /* Frameworks */,
				EC950E8121B81EA600B3A03D /* Resources */,
				77380270D9704D07406706F7 /* [CP] Embed Pods Frameworks */,
			);
			buildRules = (
			);
			dependencies = (
			);
			name = Zond;
			productName = DroneMap;
			productReference = EC950E8321B81EA600B3A03D /* Zond.app */;
			productType = "com.apple.product-type.application";
		};
		EC950E9621B81EA700B3A03D /* ZondTests */ = {
			isa = PBXNativeTarget;
			buildConfigurationList = EC950EAE21B81EA800B3A03D /* Build configuration list for PBXNativeTarget "ZondTests" */;
			buildPhases = (
				EC950E9321B81EA700B3A03D /* Sources */,
				EC950E9421B81EA700B3A03D /* Frameworks */,
				EC950E9521B81EA700B3A03D /* Resources */,
			);
			buildRules = (
			);
			dependencies = (
				EC950E9921B81EA700B3A03D /* PBXTargetDependency */,
			);
			name = ZondTests;
			productName = DroneMapTests;
			productReference = EC950E9721B81EA700B3A03D /* ZondTests.xctest */;
			productType = "com.apple.product-type.bundle.unit-test";
		};
/* End PBXNativeTarget section */

/* Begin PBXProject section */
		EC950E7B21B81EA600B3A03D /* Project object */ = {
			isa = PBXProject;
			attributes = {
				LastSwiftUpdateCheck = 1010;
				LastUpgradeCheck = 1200;
				ORGANIZATIONNAME = "Evgeny Agamirzov";
				TargetAttributes = {
					EC950E8221B81EA600B3A03D = {
						CreatedOnToolsVersion = 10.1;
						LastSwiftMigration = 1100;
					};
					EC950E9621B81EA700B3A03D = {
						CreatedOnToolsVersion = 10.1;
						LastSwiftMigration = 1100;
						TestTargetID = EC950E8221B81EA600B3A03D;
					};
				};
			};
			buildConfigurationList = EC950E7E21B81EA600B3A03D /* Build configuration list for PBXProject "Zond" */;
			compatibilityVersion = "Xcode 9.3";
			developmentRegion = en;
			hasScannedForEncodings = 0;
			knownRegions = (
				en,
				Base,
			);
			mainGroup = EC950E7A21B81EA600B3A03D;
			productRefGroup = EC950E8421B81EA600B3A03D /* Products */;
			projectDirPath = "";
			projectRoot = "";
			targets = (
				EC950E8221B81EA600B3A03D /* Zond */,
				EC950E9621B81EA700B3A03D /* ZondTests */,
			);
		};
/* End PBXProject section */

/* Begin PBXResourcesBuildPhase section */
		EC950E8121B81EA600B3A03D /* Resources */ = {
			isa = PBXResourcesBuildPhase;
			buildActionMask = 2147483647;
			files = (
				EC950E8E21B81EA700B3A03D /* Assets.xcassets in Resources */,
			);
			runOnlyForDeploymentPostprocessing = 0;
		};
		EC950E9521B81EA700B3A03D /* Resources */ = {
			isa = PBXResourcesBuildPhase;
			buildActionMask = 2147483647;
			files = (
			);
			runOnlyForDeploymentPostprocessing = 0;
		};
/* End PBXResourcesBuildPhase section */

/* Begin PBXShellScriptBuildPhase section */
		77380270D9704D07406706F7 /* [CP] Embed Pods Frameworks */ = {
			isa = PBXShellScriptBuildPhase;
			buildActionMask = 2147483647;
			files = (
			);
			inputFileListPaths = (
				"${PODS_ROOT}/Target Support Files/Pods-Zond/Pods-Zond-frameworks-${CONFIGURATION}-input-files.xcfilelist",
			);
			name = "[CP] Embed Pods Frameworks";
			outputFileListPaths = (
				"${PODS_ROOT}/Target Support Files/Pods-Zond/Pods-Zond-frameworks-${CONFIGURATION}-output-files.xcfilelist",
			);
			runOnlyForDeploymentPostprocessing = 0;
			shellPath = /bin/sh;
			shellScript = "\"${PODS_ROOT}/Target Support Files/Pods-Zond/Pods-Zond-frameworks.sh\"\n";
			showEnvVarsInLog = 0;
		};
		E9B7230BF60843A69B025722 /* [CP] Check Pods Manifest.lock */ = {
			isa = PBXShellScriptBuildPhase;
			buildActionMask = 2147483647;
			files = (
			);
			inputFileListPaths = (
			);
			inputPaths = (
				"${PODS_PODFILE_DIR_PATH}/Podfile.lock",
				"${PODS_ROOT}/Manifest.lock",
			);
			name = "[CP] Check Pods Manifest.lock";
			outputFileListPaths = (
			);
			outputPaths = (
				"$(DERIVED_FILE_DIR)/Pods-Zond-checkManifestLockResult.txt",
			);
			runOnlyForDeploymentPostprocessing = 0;
			shellPath = /bin/sh;
			shellScript = "diff \"${PODS_PODFILE_DIR_PATH}/Podfile.lock\" \"${PODS_ROOT}/Manifest.lock\" > /dev/null\nif [ $? != 0 ] ; then\n    # print error to STDERR\n    echo \"error: The sandbox is not in sync with the Podfile.lock. Run 'pod install' or update your CocoaPods installation.\" >&2\n    exit 1\nfi\n# This output is used by Xcode 'outputs' to avoid re-running this script phase.\necho \"SUCCESS\" > \"${SCRIPT_OUTPUT_FILE_0}\"\n";
			showEnvVarsInLog = 0;
		};
/* End PBXShellScriptBuildPhase section */

/* Begin PBXSourcesBuildPhase section */
		EC950E7F21B81EA600B3A03D /* Sources */ = {
			isa = PBXSourcesBuildPhase;
			buildActionMask = 2147483647;
			files = (
				EC15EADA2274E6BE0032ACB9 /* TelemetryService.swift in Sources */,
				EC3E8097253B57FE0061DB33 /* ImportExportView.swift in Sources */,
				EC12A717244B316700DEC7A6 /* ConsoleViewController.swift in Sources */,
				EC14732623B1F07E00385067 /* MissionRenderer.swift in Sources */,
				EC1678E4244623AD00C71203 /* LocatorViewController.swift in Sources */,
				ECB121B62529F53B00C0C56F /* StatusView.swift in Sources */,
				EC14732223B1F02200385067 /* MovingObjectView.swift in Sources */,
				EC158057229B0A19000741DC /* CommandService.swift in Sources */,
				EC1CF4CE2549DCC5006A1BDE /* DynamicTelemetryViewController.swift in Sources */,
				EC950E8921B81EA600B3A03D /* ConnectionService.swift in Sources */,
				ECA2246825365B4D00A777AB /* FlightModeWidget.swift in Sources */,
				EC15EAD42270E0B80032ACB9 /* RootViewController.swift in Sources */,
				EC15EAD8227498D20032ACB9 /* MapView.swift in Sources */,
				EC6360B0253CF84C00C0B0D1 /* Animations.swift in Sources */,
				ECCB449724B36D7F005AA1F6 /* MissionPolygon.swift in Sources */,
				EC15EAD2227080250032ACB9 /* MapViewController.swift in Sources */,
				EC5F3479254EE68000CF7A7B /* ImportExportButton.swift in Sources */,
				EC12E7902477E4C800BF4AE6 /* Fonts.swift in Sources */,
				EC14731B23B1EE9300385067 /* MovingObject.swift in Sources */,
				EC1CF4DC2549DEF2006A1BDE /* DynamicTelemetryLabel.swift in Sources */,
				EC3E80A2253B927E0061DB33 /* MissionParameters.swift in Sources */,
				ECAAC83A2299B83700FB360F /* MissionView.swift in Sources */,
				EC14732823B1F62000385067 /* Hull.swift in Sources */,
				ECAE70422539FE8C005EB6AD /* ParameterEditView.swift in Sources */,
				EC25DD9E252BCEA4004F5005 /* LocatorButton.swift in Sources */,
				ECEFC6F12533237200BA1B1B /* CommandButton.swift in Sources */,
				ECF5594C252FDB1100FFAEA9 /* MissionState.swift in Sources */,
				EC5F3471254CC82200CF7A7B /* DynamicTelemetryWidget.swift in Sources */,
				EC15EAE02286FD530032ACB9 /* SimulatorService.swift in Sources */,
				EC1CF4D72549DE57006A1BDE /* DynamicTelemetryView.swift in Sources */,
				EC12E78D247531B500BF4AE6 /* LocationService.swift in Sources */,
				EC12E798247933E900BF4AE6 /* StaticTelemetryView.swift in Sources */,
				EC12E7922477E4D400BF4AE6 /* Colors.swift in Sources */,
				EC0ECE322449B9F5008B1479 /* Environment.swift in Sources */,
				EC12E7942477E4DF00BF4AE6 /* Dimensions.swift in Sources */,
				ECB6B8F424A414CE002C4B04 /* Span.swift in Sources */,
				EC1678E6244625D500C71203 /* LocatorView.swift in Sources */,
				ECA224702536600C00A777AB /* LinkSignalWidget.swift in Sources */,
				ECDF4B7222593AC600C98F71 /* MissionViewController.swift in Sources */,
				ECCECA732533374300433879 /* MenuButton.swift in Sources */,
				ECA2247C253755C500A777AB /* GpsSignalWidget.swift in Sources */,
				EC3E8083253B53560061DB33 /* ParametersViewController.swift in Sources */,
				EC12E79624792EFF00BF4AE6 /* StaticTelemetryViewController.swift in Sources */,
				EC13B6C624A62BDF007ADDEF /* Meander.swift in Sources */,
				EC14732A23B1F63000385067 /* Vector.swift in Sources */,
				EC15EAD62271CBF50032ACB9 /* RootView.swift in Sources */,
				EC950E8721B81EA600B3A03D /* AppDelegate.swift in Sources */,
				ECB6B8EE24A2442E002C4B04 /* Line.swift in Sources */,
				ECAE70282539F016005EB6AD /* MissionStorage.swift in Sources */,
				EC13B6C424A5F771007ADDEF /* PointSet.swift in Sources */,
				ECEEEEF4226BA5E7005A71C6 /* BaseService.swift in Sources */,
				ECB121BB2529F60C00C0C56F /* StatusViewController.swift in Sources */,
				EC12A715244B1DB200DEC7A6 /* ConsoleView.swift in Sources */,
				EC10BE32252F3F9E00D9A6B8 /* CommandViewController.swift in Sources */,
				EC10BE37252F400C00D9A6B8 /* CommandView.swift in Sources */,
				EC3E807E253B51B60061DB33 /* ParametersView.swift in Sources */,
				EC3E809C253B599F0061DB33 /* ImportExportViewController.swift in Sources */,
				ECA2244D2536394100A777AB /* BatteryWidget.swift in Sources */,
			);
			runOnlyForDeploymentPostprocessing = 0;
		};
		EC950E9321B81EA700B3A03D /* Sources */ = {
			isa = PBXSourcesBuildPhase;
			buildActionMask = 2147483647;
			files = (
				EC950E9C21B81EA700B3A03D /* HullTest.swift in Sources */,
				ECB6B8F024A2883D002C4B04 /* LineTest.swift in Sources */,
				ECB6B8F824A41F1D002C4B04 /* VectorTest.swift in Sources */,
				EC302E9D24A6A74300F4389B /* MeanderTest.swift in Sources */,
				ECB6B8F624A4178F002C4B04 /* SpanTest.swift in Sources */,
				EC0F7D4624B51EDC005BB020 /* MissionPolygonTest.swift in Sources */,
			);
			runOnlyForDeploymentPostprocessing = 0;
		};
/* End PBXSourcesBuildPhase section */

/* Begin PBXTargetDependency section */
		EC950E9921B81EA700B3A03D /* PBXTargetDependency */ = {
			isa = PBXTargetDependency;
			target = EC950E8221B81EA600B3A03D /* Zond */;
			targetProxy = EC950E9821B81EA700B3A03D /* PBXContainerItemProxy */;
		};
/* End PBXTargetDependency section */

/* Begin XCBuildConfiguration section */
		EC950EA921B81EA800B3A03D /* Debug */ = {
			isa = XCBuildConfiguration;
			buildSettings = {
				ALWAYS_SEARCH_USER_PATHS = NO;
				CLANG_ANALYZER_NONNULL = YES;
				CLANG_ANALYZER_NUMBER_OBJECT_CONVERSION = YES_AGGRESSIVE;
				CLANG_CXX_LANGUAGE_STANDARD = "gnu++14";
				CLANG_CXX_LIBRARY = "libc++";
				CLANG_ENABLE_MODULES = YES;
				CLANG_ENABLE_OBJC_ARC = YES;
				CLANG_ENABLE_OBJC_WEAK = YES;
				CLANG_WARN_BLOCK_CAPTURE_AUTORELEASING = YES;
				CLANG_WARN_BOOL_CONVERSION = YES;
				CLANG_WARN_COMMA = YES;
				CLANG_WARN_CONSTANT_CONVERSION = YES;
				CLANG_WARN_DEPRECATED_OBJC_IMPLEMENTATIONS = YES;
				CLANG_WARN_DIRECT_OBJC_ISA_USAGE = YES_ERROR;
				CLANG_WARN_DOCUMENTATION_COMMENTS = YES;
				CLANG_WARN_EMPTY_BODY = YES;
				CLANG_WARN_ENUM_CONVERSION = YES;
				CLANG_WARN_INFINITE_RECURSION = YES;
				CLANG_WARN_INT_CONVERSION = YES;
				CLANG_WARN_NON_LITERAL_NULL_CONVERSION = YES;
				CLANG_WARN_OBJC_IMPLICIT_RETAIN_SELF = YES;
				CLANG_WARN_OBJC_LITERAL_CONVERSION = YES;
				CLANG_WARN_OBJC_ROOT_CLASS = YES_ERROR;
				CLANG_WARN_QUOTED_INCLUDE_IN_FRAMEWORK_HEADER = YES;
				CLANG_WARN_RANGE_LOOP_ANALYSIS = YES;
				CLANG_WARN_STRICT_PROTOTYPES = YES;
				CLANG_WARN_SUSPICIOUS_MOVE = YES;
				CLANG_WARN_UNGUARDED_AVAILABILITY = YES_AGGRESSIVE;
				CLANG_WARN_UNREACHABLE_CODE = YES;
				CLANG_WARN__DUPLICATE_METHOD_MATCH = YES;
				CODE_SIGN_IDENTITY = "iPhone Developer";
				COPY_PHASE_STRIP = NO;
				DEBUG_INFORMATION_FORMAT = dwarf;
				ENABLE_STRICT_OBJC_MSGSEND = YES;
				ENABLE_TESTABILITY = YES;
				GCC_C_LANGUAGE_STANDARD = gnu11;
				GCC_DYNAMIC_NO_PIC = NO;
				GCC_NO_COMMON_BLOCKS = YES;
				GCC_OPTIMIZATION_LEVEL = 0;
				GCC_PREPROCESSOR_DEFINITIONS = (
					"DEBUG=1",
					"$(inherited)",
				);
				GCC_WARN_64_TO_32_BIT_CONVERSION = YES;
				GCC_WARN_ABOUT_RETURN_TYPE = YES_ERROR;
				GCC_WARN_UNDECLARED_SELECTOR = YES;
				GCC_WARN_UNINITIALIZED_AUTOS = YES_AGGRESSIVE;
				GCC_WARN_UNUSED_FUNCTION = YES;
				GCC_WARN_UNUSED_VARIABLE = YES;
				IPHONEOS_DEPLOYMENT_TARGET = 14.0;
				MTL_ENABLE_DEBUG_INFO = INCLUDE_SOURCE;
				MTL_FAST_MATH = YES;
				ONLY_ACTIVE_ARCH = YES;
				SDKROOT = iphoneos;
				SWIFT_ACTIVE_COMPILATION_CONDITIONS = DEBUG;
				SWIFT_OPTIMIZATION_LEVEL = "-Onone";
			};
			name = Debug;
		};
		EC950EAA21B81EA800B3A03D /* Release */ = {
			isa = XCBuildConfiguration;
			buildSettings = {
				ALWAYS_SEARCH_USER_PATHS = NO;
				CLANG_ANALYZER_NONNULL = YES;
				CLANG_ANALYZER_NUMBER_OBJECT_CONVERSION = YES_AGGRESSIVE;
				CLANG_CXX_LANGUAGE_STANDARD = "gnu++14";
				CLANG_CXX_LIBRARY = "libc++";
				CLANG_ENABLE_MODULES = YES;
				CLANG_ENABLE_OBJC_ARC = YES;
				CLANG_ENABLE_OBJC_WEAK = YES;
				CLANG_WARN_BLOCK_CAPTURE_AUTORELEASING = YES;
				CLANG_WARN_BOOL_CONVERSION = YES;
				CLANG_WARN_COMMA = YES;
				CLANG_WARN_CONSTANT_CONVERSION = YES;
				CLANG_WARN_DEPRECATED_OBJC_IMPLEMENTATIONS = YES;
				CLANG_WARN_DIRECT_OBJC_ISA_USAGE = YES_ERROR;
				CLANG_WARN_DOCUMENTATION_COMMENTS = YES;
				CLANG_WARN_EMPTY_BODY = YES;
				CLANG_WARN_ENUM_CONVERSION = YES;
				CLANG_WARN_INFINITE_RECURSION = YES;
				CLANG_WARN_INT_CONVERSION = YES;
				CLANG_WARN_NON_LITERAL_NULL_CONVERSION = YES;
				CLANG_WARN_OBJC_IMPLICIT_RETAIN_SELF = YES;
				CLANG_WARN_OBJC_LITERAL_CONVERSION = YES;
				CLANG_WARN_OBJC_ROOT_CLASS = YES_ERROR;
				CLANG_WARN_QUOTED_INCLUDE_IN_FRAMEWORK_HEADER = YES;
				CLANG_WARN_RANGE_LOOP_ANALYSIS = YES;
				CLANG_WARN_STRICT_PROTOTYPES = YES;
				CLANG_WARN_SUSPICIOUS_MOVE = YES;
				CLANG_WARN_UNGUARDED_AVAILABILITY = YES_AGGRESSIVE;
				CLANG_WARN_UNREACHABLE_CODE = YES;
				CLANG_WARN__DUPLICATE_METHOD_MATCH = YES;
				CODE_SIGN_IDENTITY = "iPhone Developer";
				COPY_PHASE_STRIP = NO;
				DEBUG_INFORMATION_FORMAT = "dwarf-with-dsym";
				ENABLE_NS_ASSERTIONS = NO;
				ENABLE_STRICT_OBJC_MSGSEND = YES;
				GCC_C_LANGUAGE_STANDARD = gnu11;
				GCC_NO_COMMON_BLOCKS = YES;
				GCC_WARN_64_TO_32_BIT_CONVERSION = YES;
				GCC_WARN_ABOUT_RETURN_TYPE = YES_ERROR;
				GCC_WARN_UNDECLARED_SELECTOR = YES;
				GCC_WARN_UNINITIALIZED_AUTOS = YES_AGGRESSIVE;
				GCC_WARN_UNUSED_FUNCTION = YES;
				GCC_WARN_UNUSED_VARIABLE = YES;
				IPHONEOS_DEPLOYMENT_TARGET = 14.0;
				MTL_ENABLE_DEBUG_INFO = NO;
				MTL_FAST_MATH = YES;
				SDKROOT = iphoneos;
				SWIFT_COMPILATION_MODE = wholemodule;
				SWIFT_OPTIMIZATION_LEVEL = "-O";
				VALIDATE_PRODUCT = YES;
			};
			name = Release;
		};
		EC950EAC21B81EA800B3A03D /* Debug */ = {
			isa = XCBuildConfiguration;
			baseConfigurationReference = 7E80D0AC8293367C6FC97F59 /* Pods-Zond.debug.xcconfig */;
			buildSettings = {
				ASSETCATALOG_COMPILER_APPICON_NAME = AppIcon;
				CODE_SIGN_STYLE = Automatic;
				DEVELOPMENT_TEAM = JF2NVCP8SN;
				ENABLE_BITCODE = NO;
				HEADER_SEARCH_PATHS = (
					"$(PODS_ROOT)/Headers/Public",
					"$(inherited)",
				);
				INFOPLIST_FILE = Zond/Info.plist;
				IPHONEOS_DEPLOYMENT_TARGET = 14.0;
				LD_RUNPATH_SEARCH_PATHS = (
					"$(inherited)",
					"@executable_path/Frameworks",
				);
				MARKETING_VERSION = 0.3;
				PRODUCT_BUNDLE_IDENTIFIER = com.company.Zond;
				PRODUCT_NAME = "$(TARGET_NAME)";
				SWIFT_VERSION = 4.2;
				TARGETED_DEVICE_FAMILY = 1;
			};
			name = Debug;
		};
		EC950EAD21B81EA800B3A03D /* Release */ = {
			isa = XCBuildConfiguration;
			baseConfigurationReference = 2DD44200430D5842EE531D6F /* Pods-Zond.release.xcconfig */;
			buildSettings = {
				ASSETCATALOG_COMPILER_APPICON_NAME = AppIcon;
				CODE_SIGN_STYLE = Automatic;
				DEVELOPMENT_TEAM = JF2NVCP8SN;
				ENABLE_BITCODE = NO;
				HEADER_SEARCH_PATHS = (
					"$(PODS_ROOT)/Headers/Public",
					"$(inherited)",
				);
				INFOPLIST_FILE = Zond/Info.plist;
				IPHONEOS_DEPLOYMENT_TARGET = 14.0;
				LD_RUNPATH_SEARCH_PATHS = (
					"$(inherited)",
					"@executable_path/Frameworks",
				);
				MARKETING_VERSION = 0.3;
				PRODUCT_BUNDLE_IDENTIFIER = com.company.Zond;
				PRODUCT_NAME = "$(TARGET_NAME)";
				SWIFT_VERSION = 4.2;
				TARGETED_DEVICE_FAMILY = 1;
			};
			name = Release;
		};
		EC950EAF21B81EA800B3A03D /* Debug */ = {
			isa = XCBuildConfiguration;
			buildSettings = {
				ALWAYS_EMBED_SWIFT_STANDARD_LIBRARIES = YES;
				BUNDLE_LOADER = "$(TEST_HOST)";
				CODE_SIGN_STYLE = Automatic;
				DEVELOPMENT_TEAM = JF2NVCP8SN;
				INFOPLIST_FILE = ZondTests/Info.plist;
				IPHONEOS_DEPLOYMENT_TARGET = 14.0;
				LD_RUNPATH_SEARCH_PATHS = (
					"$(inherited)",
					"@executable_path/Frameworks",
					"@loader_path/Frameworks",
				);
				PRODUCT_BUNDLE_IDENTIFIER = com.company.ZondTests;
				PRODUCT_NAME = "$(TARGET_NAME)";
				SWIFT_VERSION = 4.2;
				TARGETED_DEVICE_FAMILY = "1,2";
				TEST_HOST = "$(BUILT_PRODUCTS_DIR)/Zond.app/Zond";
			};
			name = Debug;
		};
		EC950EB021B81EA800B3A03D /* Release */ = {
			isa = XCBuildConfiguration;
			buildSettings = {
				ALWAYS_EMBED_SWIFT_STANDARD_LIBRARIES = YES;
				BUNDLE_LOADER = "$(TEST_HOST)";
				CODE_SIGN_STYLE = Automatic;
				DEVELOPMENT_TEAM = JF2NVCP8SN;
				INFOPLIST_FILE = ZondTests/Info.plist;
				IPHONEOS_DEPLOYMENT_TARGET = 14.0;
				LD_RUNPATH_SEARCH_PATHS = (
					"$(inherited)",
					"@executable_path/Frameworks",
					"@loader_path/Frameworks",
				);
				PRODUCT_BUNDLE_IDENTIFIER = com.company.ZondTests;
				PRODUCT_NAME = "$(TARGET_NAME)";
				SWIFT_VERSION = 4.2;
				TARGETED_DEVICE_FAMILY = "1,2";
				TEST_HOST = "$(BUILT_PRODUCTS_DIR)/Zond.app/Zond";
			};
			name = Release;
		};
/* End XCBuildConfiguration section */

/* Begin XCConfigurationList section */
		EC950E7E21B81EA600B3A03D /* Build configuration list for PBXProject "Zond" */ = {
			isa = XCConfigurationList;
			buildConfigurations = (
				EC950EA921B81EA800B3A03D /* Debug */,
				EC950EAA21B81EA800B3A03D /* Release */,
			);
			defaultConfigurationIsVisible = 0;
			defaultConfigurationName = Release;
		};
		EC950EAB21B81EA800B3A03D /* Build configuration list for PBXNativeTarget "Zond" */ = {
			isa = XCConfigurationList;
			buildConfigurations = (
				EC950EAC21B81EA800B3A03D /* Debug */,
				EC950EAD21B81EA800B3A03D /* Release */,
			);
			defaultConfigurationIsVisible = 0;
			defaultConfigurationName = Release;
		};
		EC950EAE21B81EA800B3A03D /* Build configuration list for PBXNativeTarget "ZondTests" */ = {
			isa = XCConfigurationList;
			buildConfigurations = (
				EC950EAF21B81EA800B3A03D /* Debug */,
				EC950EB021B81EA800B3A03D /* Release */,
			);
			defaultConfigurationIsVisible = 0;
			defaultConfigurationName = Release;
		};
/* End XCConfigurationList section */
	};
	rootObject = EC950E7B21B81EA600B3A03D /* Project object */;
}
