// !$*UTF8*$!
{
	archiveVersion = 1;
	classes = {
	};
	objectVersion = 51;
	objects = {

/* Begin PBXBuildFile section */
		6AF15F54C300312AD4151E5B /* libPods-AeroGlaz.a in Frameworks */ = {isa = PBXBuildFile; fileRef = 8D6935011A9215A707673D56 /* libPods-AeroGlaz.a */; };
		EC0ECE322449B9F5008B1479 /* Environment.swift in Sources */ = {isa = PBXBuildFile; fileRef = EC0ECE312449B9F5008B1479 /* Environment.swift */; };
		EC0ECE342449EACE008B1479 /* TableSection.swift in Sources */ = {isa = PBXBuildFile; fileRef = EC0ECE332449EACE008B1479 /* TableSection.swift */; };
		EC12A715244B1DB200DEC7A6 /* ConsoleView.swift in Sources */ = {isa = PBXBuildFile; fileRef = EC12A714244B1DB200DEC7A6 /* ConsoleView.swift */; };
		EC12A717244B316700DEC7A6 /* ConsoleViewController.swift in Sources */ = {isa = PBXBuildFile; fileRef = EC12A716244B316700DEC7A6 /* ConsoleViewController.swift */; };
		EC12E78D247531B500BF4AE6 /* LocationService.swift in Sources */ = {isa = PBXBuildFile; fileRef = EC12E78C247531B500BF4AE6 /* LocationService.swift */; };
		EC12E7902477E4C800BF4AE6 /* Fonts.swift in Sources */ = {isa = PBXBuildFile; fileRef = EC12E78F2477E4C800BF4AE6 /* Fonts.swift */; };
		EC12E7922477E4D400BF4AE6 /* Colors.swift in Sources */ = {isa = PBXBuildFile; fileRef = EC12E7912477E4D400BF4AE6 /* Colors.swift */; };
		EC12E7942477E4DF00BF4AE6 /* Dimensions.swift in Sources */ = {isa = PBXBuildFile; fileRef = EC12E7932477E4DF00BF4AE6 /* Dimensions.swift */; };
		EC12E79624792EFF00BF4AE6 /* StatusViewController.swift in Sources */ = {isa = PBXBuildFile; fileRef = EC12E79524792EFF00BF4AE6 /* StatusViewController.swift */; };
		EC12E798247933E900BF4AE6 /* StatusView.swift in Sources */ = {isa = PBXBuildFile; fileRef = EC12E797247933E900BF4AE6 /* StatusView.swift */; };
		EC14731B23B1EE9300385067 /* MovingObject.swift in Sources */ = {isa = PBXBuildFile; fileRef = EC14731A23B1EE9300385067 /* MovingObject.swift */; };
		EC14731F23B1EED500385067 /* MissionPolygon.swift in Sources */ = {isa = PBXBuildFile; fileRef = EC14731E23B1EED500385067 /* MissionPolygon.swift */; };
		EC14732223B1F02200385067 /* MovingObjectView.swift in Sources */ = {isa = PBXBuildFile; fileRef = EC14732123B1F02200385067 /* MovingObjectView.swift */; };
		EC14732623B1F07E00385067 /* MissionRenderer.swift in Sources */ = {isa = PBXBuildFile; fileRef = EC14732523B1F07E00385067 /* MissionRenderer.swift */; };
		EC14732823B1F62000385067 /* ConvexHull.swift in Sources */ = {isa = PBXBuildFile; fileRef = EC14732723B1F62000385067 /* ConvexHull.swift */; };
		EC14732A23B1F63000385067 /* Vector.swift in Sources */ = {isa = PBXBuildFile; fileRef = EC14732923B1F63000385067 /* Vector.swift */; };
		EC158057229B0A19000741DC /* CommandService.swift in Sources */ = {isa = PBXBuildFile; fileRef = EC158056229B0A19000741DC /* CommandService.swift */; };
		EC15EAD2227080250032ACB9 /* MapViewController.swift in Sources */ = {isa = PBXBuildFile; fileRef = EC15EAD1227080250032ACB9 /* MapViewController.swift */; };
		EC15EAD42270E0B80032ACB9 /* RootViewController.swift in Sources */ = {isa = PBXBuildFile; fileRef = EC15EAD32270E0B80032ACB9 /* RootViewController.swift */; };
		EC15EAD62271CBF50032ACB9 /* RootView.swift in Sources */ = {isa = PBXBuildFile; fileRef = EC15EAD52271CBF50032ACB9 /* RootView.swift */; };
		EC15EAD8227498D20032ACB9 /* MapView.swift in Sources */ = {isa = PBXBuildFile; fileRef = EC15EAD7227498D20032ACB9 /* MapView.swift */; };
		EC15EADA2274E6BE0032ACB9 /* TelemetryService.swift in Sources */ = {isa = PBXBuildFile; fileRef = EC15EAD92274E6BE0032ACB9 /* TelemetryService.swift */; };
		EC15EAE02286FD530032ACB9 /* SimulatorService.swift in Sources */ = {isa = PBXBuildFile; fileRef = EC15EADF2286FD530032ACB9 /* SimulatorService.swift */; };
		EC1678E4244623AD00C71203 /* NavigationViewController.swift in Sources */ = {isa = PBXBuildFile; fileRef = EC1678E3244623AD00C71203 /* NavigationViewController.swift */; };
		EC1678E6244625D500C71203 /* NavigationView.swift in Sources */ = {isa = PBXBuildFile; fileRef = EC1678E5244625D500C71203 /* NavigationView.swift */; };
		EC1678E924473DF400C71203 /* NavigationButton.swift in Sources */ = {isa = PBXBuildFile; fileRef = EC1678E824473DF400C71203 /* NavigationButton.swift */; };
		EC18EBC624630AA6001A29D1 /* CommandButton.swift in Sources */ = {isa = PBXBuildFile; fileRef = EC18EBC524630AA6001A29D1 /* CommandButton.swift */; };
		EC950E8721B81EA600B3A03D /* AppDelegate.swift in Sources */ = {isa = PBXBuildFile; fileRef = EC950E8621B81EA600B3A03D /* AppDelegate.swift */; };
		EC950E8921B81EA600B3A03D /* ConnectionService.swift in Sources */ = {isa = PBXBuildFile; fileRef = EC950E8821B81EA600B3A03D /* ConnectionService.swift */; };
		EC950E8E21B81EA700B3A03D /* Assets.xcassets in Resources */ = {isa = PBXBuildFile; fileRef = EC950E8D21B81EA700B3A03D /* Assets.xcassets */; };
		EC950E9C21B81EA700B3A03D /* GeometryTests.swift in Sources */ = {isa = PBXBuildFile; fileRef = EC950E9B21B81EA700B3A03D /* GeometryTests.swift */; };
		EC98D9412455EBE6006BEA9F /* InsetLabel.swift in Sources */ = {isa = PBXBuildFile; fileRef = EC98D9402455EBE6006BEA9F /* InsetLabel.swift */; };
		EC98D94524570BAC006BEA9F /* TableCommandCell.swift in Sources */ = {isa = PBXBuildFile; fileRef = EC98D94424570BAC006BEA9F /* TableCommandCell.swift */; };
		EC98D94724570FE7006BEA9F /* TableSliderCell.swift in Sources */ = {isa = PBXBuildFile; fileRef = EC98D94624570FE7006BEA9F /* TableSliderCell.swift */; };
		ECAAC83A2299B83700FB360F /* MissionView.swift in Sources */ = {isa = PBXBuildFile; fileRef = ECAAC8392299B83700FB360F /* MissionView.swift */; };
		ECAE717A24979A6600B381F3 /* AeroGlazUITests.swift in Sources */ = {isa = PBXBuildFile; fileRef = ECAE717924979A6600B381F3 /* AeroGlazUITests.swift */; };
		ECC51897247943CF007852E7 /* StatusLabel.swift in Sources */ = {isa = PBXBuildFile; fileRef = ECC51896247943CF007852E7 /* StatusLabel.swift */; };
		ECD709A4244F3BB8004CB3B6 /* TableSlider.swift in Sources */ = {isa = PBXBuildFile; fileRef = ECD709A3244F3BB8004CB3B6 /* TableSlider.swift */; };
		ECD714902365B0F200958956 /* Transformations.swift in Sources */ = {isa = PBXBuildFile; fileRef = ECD7148F2365B0F200958956 /* Transformations.swift */; };
		ECD8AC1F2465A87900FCC8DB /* SectionData.swift in Sources */ = {isa = PBXBuildFile; fileRef = ECD8AC1B2465A87900FCC8DB /* SectionData.swift */; };
		ECD8AC202465A87900FCC8DB /* RowData.swift in Sources */ = {isa = PBXBuildFile; fileRef = ECD8AC1C2465A87900FCC8DB /* RowData.swift */; };
		ECD8AC212465A87900FCC8DB /* IdPath.swift in Sources */ = {isa = PBXBuildFile; fileRef = ECD8AC1D2465A87900FCC8DB /* IdPath.swift */; };
		ECD8AC222465A87900FCC8DB /* TableData.swift in Sources */ = {isa = PBXBuildFile; fileRef = ECD8AC1E2465A87900FCC8DB /* TableData.swift */; };
		ECDF4B7222593AC600C98F71 /* MissionViewController.swift in Sources */ = {isa = PBXBuildFile; fileRef = ECDF4B7122593AC600C98F71 /* MissionViewController.swift */; };
		ECEEEEF4226BA5E7005A71C6 /* BaseService.swift in Sources */ = {isa = PBXBuildFile; fileRef = ECEEEEF3226BA5E7005A71C6 /* BaseService.swift */; };
/* End PBXBuildFile section */

/* Begin PBXContainerItemProxy section */
		EC950E9821B81EA700B3A03D /* PBXContainerItemProxy */ = {
			isa = PBXContainerItemProxy;
			containerPortal = EC950E7B21B81EA600B3A03D /* Project object */;
			proxyType = 1;
			remoteGlobalIDString = EC950E8221B81EA600B3A03D;
			remoteInfo = DroneMap;
		};
		EC950EA321B81EA800B3A03D /* PBXContainerItemProxy */ = {
			isa = PBXContainerItemProxy;
			containerPortal = EC950E7B21B81EA600B3A03D /* Project object */;
			proxyType = 1;
			remoteGlobalIDString = EC950E8221B81EA600B3A03D;
			remoteInfo = DroneMap;
		};
/* End PBXContainerItemProxy section */

/* Begin PBXFileReference section */
		097F1AB90CD555528FD5EFD6 /* Pods-AeroGlaz.debug.xcconfig */ = {isa = PBXFileReference; includeInIndex = 1; lastKnownFileType = text.xcconfig; name = "Pods-AeroGlaz.debug.xcconfig"; path = "Target Support Files/Pods-AeroGlaz/Pods-AeroGlaz.debug.xcconfig"; sourceTree = "<group>"; };
		7A605E403BFEFE2FCB6E2F85 /* Pods-AeroGlaz.release.xcconfig */ = {isa = PBXFileReference; includeInIndex = 1; lastKnownFileType = text.xcconfig; name = "Pods-AeroGlaz.release.xcconfig"; path = "Target Support Files/Pods-AeroGlaz/Pods-AeroGlaz.release.xcconfig"; sourceTree = "<group>"; };
		8D6935011A9215A707673D56 /* libPods-AeroGlaz.a */ = {isa = PBXFileReference; explicitFileType = archive.ar; includeInIndex = 0; path = "libPods-AeroGlaz.a"; sourceTree = BUILT_PRODUCTS_DIR; };
		EC0ECE312449B9F5008B1479 /* Environment.swift */ = {isa = PBXFileReference; lastKnownFileType = sourcecode.swift; path = Environment.swift; sourceTree = "<group>"; };
		EC0ECE332449EACE008B1479 /* TableSection.swift */ = {isa = PBXFileReference; lastKnownFileType = sourcecode.swift; path = TableSection.swift; sourceTree = "<group>"; };
		EC12A714244B1DB200DEC7A6 /* ConsoleView.swift */ = {isa = PBXFileReference; lastKnownFileType = sourcecode.swift; path = ConsoleView.swift; sourceTree = "<group>"; };
		EC12A716244B316700DEC7A6 /* ConsoleViewController.swift */ = {isa = PBXFileReference; lastKnownFileType = sourcecode.swift; path = ConsoleViewController.swift; sourceTree = "<group>"; };
		EC12E78C247531B500BF4AE6 /* LocationService.swift */ = {isa = PBXFileReference; lastKnownFileType = sourcecode.swift; path = LocationService.swift; sourceTree = "<group>"; };
		EC12E78F2477E4C800BF4AE6 /* Fonts.swift */ = {isa = PBXFileReference; lastKnownFileType = sourcecode.swift; path = Fonts.swift; sourceTree = "<group>"; };
		EC12E7912477E4D400BF4AE6 /* Colors.swift */ = {isa = PBXFileReference; lastKnownFileType = sourcecode.swift; path = Colors.swift; sourceTree = "<group>"; };
		EC12E7932477E4DF00BF4AE6 /* Dimensions.swift */ = {isa = PBXFileReference; lastKnownFileType = sourcecode.swift; path = Dimensions.swift; sourceTree = "<group>"; };
		EC12E79524792EFF00BF4AE6 /* StatusViewController.swift */ = {isa = PBXFileReference; lastKnownFileType = sourcecode.swift; path = StatusViewController.swift; sourceTree = "<group>"; };
		EC12E797247933E900BF4AE6 /* StatusView.swift */ = {isa = PBXFileReference; lastKnownFileType = sourcecode.swift; path = StatusView.swift; sourceTree = "<group>"; };
		EC14731A23B1EE9300385067 /* MovingObject.swift */ = {isa = PBXFileReference; lastKnownFileType = sourcecode.swift; path = MovingObject.swift; sourceTree = "<group>"; };
		EC14731E23B1EED500385067 /* MissionPolygon.swift */ = {isa = PBXFileReference; lastKnownFileType = sourcecode.swift; path = MissionPolygon.swift; sourceTree = "<group>"; };
		EC14732123B1F02200385067 /* MovingObjectView.swift */ = {isa = PBXFileReference; lastKnownFileType = sourcecode.swift; path = MovingObjectView.swift; sourceTree = "<group>"; };
		EC14732523B1F07E00385067 /* MissionRenderer.swift */ = {isa = PBXFileReference; lastKnownFileType = sourcecode.swift; path = MissionRenderer.swift; sourceTree = "<group>"; };
		EC14732723B1F62000385067 /* ConvexHull.swift */ = {isa = PBXFileReference; lastKnownFileType = sourcecode.swift; path = ConvexHull.swift; sourceTree = "<group>"; };
		EC14732923B1F63000385067 /* Vector.swift */ = {isa = PBXFileReference; lastKnownFileType = sourcecode.swift; path = Vector.swift; sourceTree = "<group>"; };
		EC158056229B0A19000741DC /* CommandService.swift */ = {isa = PBXFileReference; lastKnownFileType = sourcecode.swift; path = CommandService.swift; sourceTree = "<group>"; };
		EC15EAD1227080250032ACB9 /* MapViewController.swift */ = {isa = PBXFileReference; lastKnownFileType = sourcecode.swift; path = MapViewController.swift; sourceTree = "<group>"; };
		EC15EAD32270E0B80032ACB9 /* RootViewController.swift */ = {isa = PBXFileReference; lastKnownFileType = sourcecode.swift; path = RootViewController.swift; sourceTree = "<group>"; };
		EC15EAD52271CBF50032ACB9 /* RootView.swift */ = {isa = PBXFileReference; lastKnownFileType = sourcecode.swift; path = RootView.swift; sourceTree = "<group>"; };
		EC15EAD7227498D20032ACB9 /* MapView.swift */ = {isa = PBXFileReference; lastKnownFileType = sourcecode.swift; path = MapView.swift; sourceTree = "<group>"; };
		EC15EAD92274E6BE0032ACB9 /* TelemetryService.swift */ = {isa = PBXFileReference; lastKnownFileType = sourcecode.swift; path = TelemetryService.swift; sourceTree = "<group>"; };
		EC15EADF2286FD530032ACB9 /* SimulatorService.swift */ = {isa = PBXFileReference; lastKnownFileType = sourcecode.swift; path = SimulatorService.swift; sourceTree = "<group>"; };
		EC1678E3244623AD00C71203 /* NavigationViewController.swift */ = {isa = PBXFileReference; lastKnownFileType = sourcecode.swift; path = NavigationViewController.swift; sourceTree = "<group>"; };
		EC1678E5244625D500C71203 /* NavigationView.swift */ = {isa = PBXFileReference; lastKnownFileType = sourcecode.swift; path = NavigationView.swift; sourceTree = "<group>"; };
		EC1678E824473DF400C71203 /* NavigationButton.swift */ = {isa = PBXFileReference; lastKnownFileType = sourcecode.swift; path = NavigationButton.swift; sourceTree = "<group>"; };
		EC18EBC524630AA6001A29D1 /* CommandButton.swift */ = {isa = PBXFileReference; lastKnownFileType = sourcecode.swift; path = CommandButton.swift; sourceTree = "<group>"; };
		EC950E8321B81EA600B3A03D /* AeroGlaz.app */ = {isa = PBXFileReference; explicitFileType = wrapper.application; includeInIndex = 0; path = AeroGlaz.app; sourceTree = BUILT_PRODUCTS_DIR; };
		EC950E8621B81EA600B3A03D /* AppDelegate.swift */ = {isa = PBXFileReference; lastKnownFileType = sourcecode.swift; path = AppDelegate.swift; sourceTree = "<group>"; };
		EC950E8821B81EA600B3A03D /* ConnectionService.swift */ = {isa = PBXFileReference; lastKnownFileType = sourcecode.swift; path = ConnectionService.swift; sourceTree = "<group>"; };
		EC950E8D21B81EA700B3A03D /* Assets.xcassets */ = {isa = PBXFileReference; lastKnownFileType = folder.assetcatalog; path = Assets.xcassets; sourceTree = "<group>"; };
		EC950E9221B81EA700B3A03D /* Info.plist */ = {isa = PBXFileReference; lastKnownFileType = text.plist.xml; path = Info.plist; sourceTree = "<group>"; };
		EC950E9721B81EA700B3A03D /* AeroGlazTests.xctest */ = {isa = PBXFileReference; explicitFileType = wrapper.cfbundle; includeInIndex = 0; path = AeroGlazTests.xctest; sourceTree = BUILT_PRODUCTS_DIR; };
		EC950E9B21B81EA700B3A03D /* GeometryTests.swift */ = {isa = PBXFileReference; lastKnownFileType = sourcecode.swift; path = GeometryTests.swift; sourceTree = "<group>"; };
		EC950E9D21B81EA700B3A03D /* Info.plist */ = {isa = PBXFileReference; lastKnownFileType = text.plist.xml; path = Info.plist; sourceTree = "<group>"; };
		EC950EA221B81EA800B3A03D /* AeroGlazUITests.xctest */ = {isa = PBXFileReference; explicitFileType = wrapper.cfbundle; includeInIndex = 0; path = AeroGlazUITests.xctest; sourceTree = BUILT_PRODUCTS_DIR; };
		EC950EA821B81EA800B3A03D /* Info.plist */ = {isa = PBXFileReference; lastKnownFileType = text.plist.xml; path = Info.plist; sourceTree = "<group>"; };
		EC98D9402455EBE6006BEA9F /* InsetLabel.swift */ = {isa = PBXFileReference; lastKnownFileType = sourcecode.swift; path = InsetLabel.swift; sourceTree = "<group>"; };
		EC98D94424570BAC006BEA9F /* TableCommandCell.swift */ = {isa = PBXFileReference; lastKnownFileType = sourcecode.swift; path = TableCommandCell.swift; sourceTree = "<group>"; };
		EC98D94624570FE7006BEA9F /* TableSliderCell.swift */ = {isa = PBXFileReference; lastKnownFileType = sourcecode.swift; path = TableSliderCell.swift; sourceTree = "<group>"; };
		ECAAC8392299B83700FB360F /* MissionView.swift */ = {isa = PBXFileReference; lastKnownFileType = sourcecode.swift; path = MissionView.swift; sourceTree = "<group>"; };
		ECAE717924979A6600B381F3 /* AeroGlazUITests.swift */ = {isa = PBXFileReference; fileEncoding = 4; lastKnownFileType = sourcecode.swift; path = AeroGlazUITests.swift; sourceTree = "<group>"; };
		ECC51896247943CF007852E7 /* StatusLabel.swift */ = {isa = PBXFileReference; lastKnownFileType = sourcecode.swift; path = StatusLabel.swift; sourceTree = "<group>"; };
		ECD709A3244F3BB8004CB3B6 /* TableSlider.swift */ = {isa = PBXFileReference; lastKnownFileType = sourcecode.swift; path = TableSlider.swift; sourceTree = "<group>"; };
		ECD7148F2365B0F200958956 /* Transformations.swift */ = {isa = PBXFileReference; lastKnownFileType = sourcecode.swift; path = Transformations.swift; sourceTree = "<group>"; };
		ECD8AC1B2465A87900FCC8DB /* SectionData.swift */ = {isa = PBXFileReference; fileEncoding = 4; lastKnownFileType = sourcecode.swift; path = SectionData.swift; sourceTree = "<group>"; };
		ECD8AC1C2465A87900FCC8DB /* RowData.swift */ = {isa = PBXFileReference; fileEncoding = 4; lastKnownFileType = sourcecode.swift; path = RowData.swift; sourceTree = "<group>"; };
		ECD8AC1D2465A87900FCC8DB /* IdPath.swift */ = {isa = PBXFileReference; fileEncoding = 4; lastKnownFileType = sourcecode.swift; path = IdPath.swift; sourceTree = "<group>"; };
		ECD8AC1E2465A87900FCC8DB /* TableData.swift */ = {isa = PBXFileReference; fileEncoding = 4; lastKnownFileType = sourcecode.swift; path = TableData.swift; sourceTree = "<group>"; };
		ECDF4B7122593AC600C98F71 /* MissionViewController.swift */ = {isa = PBXFileReference; lastKnownFileType = sourcecode.swift; path = MissionViewController.swift; sourceTree = "<group>"; };
		ECEEEEF3226BA5E7005A71C6 /* BaseService.swift */ = {isa = PBXFileReference; lastKnownFileType = sourcecode.swift; path = BaseService.swift; sourceTree = "<group>"; };
/* End PBXFileReference section */

/* Begin PBXFrameworksBuildPhase section */
		EC950E8021B81EA600B3A03D /* Frameworks */ = {
			isa = PBXFrameworksBuildPhase;
			buildActionMask = 2147483647;
			files = (
				6AF15F54C300312AD4151E5B /* libPods-AeroGlaz.a in Frameworks */,
			);
			runOnlyForDeploymentPostprocessing = 0;
		};
		EC950E9421B81EA700B3A03D /* Frameworks */ = {
			isa = PBXFrameworksBuildPhase;
			buildActionMask = 2147483647;
			files = (
			);
			runOnlyForDeploymentPostprocessing = 0;
		};
		EC950E9F21B81EA800B3A03D /* Frameworks */ = {
			isa = PBXFrameworksBuildPhase;
			buildActionMask = 2147483647;
			files = (
			);
			runOnlyForDeploymentPostprocessing = 0;
		};
/* End PBXFrameworksBuildPhase section */

/* Begin PBXGroup section */
		918ECB132C2AC04D3D2E620F /* Pods */ = {
			isa = PBXGroup;
			children = (
				097F1AB90CD555528FD5EFD6 /* Pods-AeroGlaz.debug.xcconfig */,
				7A605E403BFEFE2FCB6E2F85 /* Pods-AeroGlaz.release.xcconfig */,
			);
			path = Pods;
			sourceTree = "<group>";
		};
		ABE370997E7D2DC38A5094D4 /* Frameworks */ = {
			isa = PBXGroup;
			children = (
				8D6935011A9215A707673D56 /* libPods-AeroGlaz.a */,
			);
			name = Frameworks;
			sourceTree = "<group>";
		};
		EC12E78E2477E49800BF4AE6 /* Common */ = {
			isa = PBXGroup;
			children = (
				ECD7148E2365B09800958956 /* MapOverlayGeometry */,
				EC0ECE312449B9F5008B1479 /* Environment.swift */,
				EC12E7932477E4DF00BF4AE6 /* Dimensions.swift */,
				EC12E78F2477E4C800BF4AE6 /* Fonts.swift */,
				EC12E7912477E4D400BF4AE6 /* Colors.swift */,
			);
			path = Common;
			sourceTree = "<group>";
		};
		EC14731923B1EE5B00385067 /* MapAnnotations */ = {
			isa = PBXGroup;
			children = (
				EC14731A23B1EE9300385067 /* MovingObject.swift */,
				EC14731E23B1EED500385067 /* MissionPolygon.swift */,
			);
			path = MapAnnotations;
			sourceTree = "<group>";
		};
		EC14732023B1EFA600385067 /* MapAnnotationViews */ = {
			isa = PBXGroup;
			children = (
				EC14732123B1F02200385067 /* MovingObjectView.swift */,
				EC14732523B1F07E00385067 /* MissionRenderer.swift */,
			);
			path = MapAnnotationViews;
			sourceTree = "<group>";
		};
		EC15EACE226DE7E70032ACB9 /* Views */ = {
			isa = PBXGroup;
			children = (
				EC1678E724473DC800C71203 /* GenericSubviews */,
				EC14732023B1EFA600385067 /* MapAnnotationViews */,
				EC15EAD52271CBF50032ACB9 /* RootView.swift */,
				EC15EAD7227498D20032ACB9 /* MapView.swift */,
				ECAAC8392299B83700FB360F /* MissionView.swift */,
				EC12A714244B1DB200DEC7A6 /* ConsoleView.swift */,
				EC1678E5244625D500C71203 /* NavigationView.swift */,
				EC12E797247933E900BF4AE6 /* StatusView.swift */,
			);
			path = Views;
			sourceTree = "<group>";
		};
		EC1678E724473DC800C71203 /* GenericSubviews */ = {
			isa = PBXGroup;
			children = (
				EC98D9402455EBE6006BEA9F /* InsetLabel.swift */,
				ECC51896247943CF007852E7 /* StatusLabel.swift */,
				EC1678E824473DF400C71203 /* NavigationButton.swift */,
				EC18EBC524630AA6001A29D1 /* CommandButton.swift */,
				ECD709A3244F3BB8004CB3B6 /* TableSlider.swift */,
				EC98D94624570FE7006BEA9F /* TableSliderCell.swift */,
				EC98D94424570BAC006BEA9F /* TableCommandCell.swift */,
				EC0ECE332449EACE008B1479 /* TableSection.swift */,
			);
			path = GenericSubviews;
			sourceTree = "<group>";
		};
		EC950E7A21B81EA600B3A03D = {
			isa = PBXGroup;
			children = (
				EC950E8521B81EA600B3A03D /* AeroGlaz */,
				EC950E9A21B81EA700B3A03D /* AeroGlazTests */,
				EC950EA521B81EA800B3A03D /* AeroGlazUITests */,
				EC950E8421B81EA600B3A03D /* Products */,
				918ECB132C2AC04D3D2E620F /* Pods */,
				ABE370997E7D2DC38A5094D4 /* Frameworks */,
			);
			sourceTree = "<group>";
		};
		EC950E8421B81EA600B3A03D /* Products */ = {
			isa = PBXGroup;
			children = (
				EC950E8321B81EA600B3A03D /* AeroGlaz.app */,
				EC950E9721B81EA700B3A03D /* AeroGlazTests.xctest */,
				EC950EA221B81EA800B3A03D /* AeroGlazUITests.xctest */,
			);
			name = Products;
			sourceTree = "<group>";
		};
		EC950E8521B81EA600B3A03D /* AeroGlaz */ = {
			isa = PBXGroup;
			children = (
				EC950E8621B81EA600B3A03D /* AppDelegate.swift */,
				EC12E78E2477E49800BF4AE6 /* Common */,
				ECEEEEEA2267A96A005A71C6 /* Services */,
				ECEEEEE92267A959005A71C6 /* Controllers */,
				EC15EACE226DE7E70032ACB9 /* Views */,
				EC950E8D21B81EA700B3A03D /* Assets.xcassets */,
				EC950E9221B81EA700B3A03D /* Info.plist */,
			);
			path = AeroGlaz;
			sourceTree = "<group>";
		};
		EC950E9A21B81EA700B3A03D /* AeroGlazTests */ = {
			isa = PBXGroup;
			children = (
				EC950E9B21B81EA700B3A03D /* GeometryTests.swift */,
				EC950E9D21B81EA700B3A03D /* Info.plist */,
			);
			path = AeroGlazTests;
			sourceTree = "<group>";
		};
		EC950EA521B81EA800B3A03D /* AeroGlazUITests */ = {
			isa = PBXGroup;
			children = (
				ECAE717924979A6600B381F3 /* AeroGlazUITests.swift */,
				EC950EA821B81EA800B3A03D /* Info.plist */,
			);
			path = AeroGlazUITests;
			sourceTree = "<group>";
		};
		ECD7148E2365B09800958956 /* MapOverlayGeometry */ = {
			isa = PBXGroup;
			children = (
				EC14732723B1F62000385067 /* ConvexHull.swift */,
				EC14732923B1F63000385067 /* Vector.swift */,
				ECD7148F2365B0F200958956 /* Transformations.swift */,
			);
			path = MapOverlayGeometry;
			sourceTree = "<group>";
		};
		ECD8AC232465A88400FCC8DB /* TableDataSource */ = {
			isa = PBXGroup;
			children = (
				ECD8AC1D2465A87900FCC8DB /* IdPath.swift */,
				ECD8AC1C2465A87900FCC8DB /* RowData.swift */,
				ECD8AC1B2465A87900FCC8DB /* SectionData.swift */,
				ECD8AC1E2465A87900FCC8DB /* TableData.swift */,
			);
			path = TableDataSource;
			sourceTree = "<group>";
		};
		ECEEEEE92267A959005A71C6 /* Controllers */ = {
			isa = PBXGroup;
			children = (
				EC14731923B1EE5B00385067 /* MapAnnotations */,
				ECD8AC232465A88400FCC8DB /* TableDataSource */,
				EC15EAD32270E0B80032ACB9 /* RootViewController.swift */,
				EC15EAD1227080250032ACB9 /* MapViewController.swift */,
				ECDF4B7122593AC600C98F71 /* MissionViewController.swift */,
				EC12A716244B316700DEC7A6 /* ConsoleViewController.swift */,
				EC1678E3244623AD00C71203 /* NavigationViewController.swift */,
				EC12E79524792EFF00BF4AE6 /* StatusViewController.swift */,
			);
			path = Controllers;
			sourceTree = "<group>";
		};
		ECEEEEEA2267A96A005A71C6 /* Services */ = {
			isa = PBXGroup;
			children = (
				ECEEEEF3226BA5E7005A71C6 /* BaseService.swift */,
				EC950E8821B81EA600B3A03D /* ConnectionService.swift */,
				EC15EADF2286FD530032ACB9 /* SimulatorService.swift */,
				EC158056229B0A19000741DC /* CommandService.swift */,
				EC12E78C247531B500BF4AE6 /* LocationService.swift */,
				EC15EAD92274E6BE0032ACB9 /* TelemetryService.swift */,
			);
			path = Services;
			sourceTree = "<group>";
		};
/* End PBXGroup section */

/* Begin PBXNativeTarget section */
		EC950E8221B81EA600B3A03D /* AeroGlaz */ = {
			isa = PBXNativeTarget;
			buildConfigurationList = EC950EAB21B81EA800B3A03D /* Build configuration list for PBXNativeTarget "AeroGlaz" */;
			buildPhases = (
				E9B7230BF60843A69B025722 /* [CP] Check Pods Manifest.lock */,
				EC950E7F21B81EA600B3A03D /* Sources */,
				EC950E8021B81EA600B3A03D /* Frameworks */,
				EC950E8121B81EA600B3A03D /* Resources */,
				77380270D9704D07406706F7 /* [CP] Embed Pods Frameworks */,
			);
			buildRules = (
			);
			dependencies = (
			);
			name = AeroGlaz;
			productName = DroneMap;
			productReference = EC950E8321B81EA600B3A03D /* AeroGlaz.app */;
			productType = "com.apple.product-type.application";
		};
		EC950E9621B81EA700B3A03D /* AeroGlazTests */ = {
			isa = PBXNativeTarget;
			buildConfigurationList = EC950EAE21B81EA800B3A03D /* Build configuration list for PBXNativeTarget "AeroGlazTests" */;
			buildPhases = (
				EC950E9321B81EA700B3A03D /* Sources */,
				EC950E9421B81EA700B3A03D /* Frameworks */,
				EC950E9521B81EA700B3A03D /* Resources */,
			);
			buildRules = (
			);
			dependencies = (
				EC950E9921B81EA700B3A03D /* PBXTargetDependency */,
			);
			name = AeroGlazTests;
			productName = DroneMapTests;
			productReference = EC950E9721B81EA700B3A03D /* AeroGlazTests.xctest */;
			productType = "com.apple.product-type.bundle.unit-test";
		};
		EC950EA121B81EA800B3A03D /* AeroGlazUITests */ = {
			isa = PBXNativeTarget;
			buildConfigurationList = EC950EB121B81EA800B3A03D /* Build configuration list for PBXNativeTarget "AeroGlazUITests" */;
			buildPhases = (
				EC950E9E21B81EA800B3A03D /* Sources */,
				EC950E9F21B81EA800B3A03D /* Frameworks */,
				EC950EA021B81EA800B3A03D /* Resources */,
			);
			buildRules = (
			);
			dependencies = (
				EC950EA421B81EA800B3A03D /* PBXTargetDependency */,
			);
			name = AeroGlazUITests;
			productName = DroneMapUITests;
			productReference = EC950EA221B81EA800B3A03D /* AeroGlazUITests.xctest */;
			productType = "com.apple.product-type.bundle.ui-testing";
		};
/* End PBXNativeTarget section */

/* Begin PBXProject section */
		EC950E7B21B81EA600B3A03D /* Project object */ = {
			isa = PBXProject;
			attributes = {
				LastSwiftUpdateCheck = 1010;
				LastUpgradeCheck = 1010;
				ORGANIZATIONNAME = "Evgeny Agamirzov";
				TargetAttributes = {
					EC950E8221B81EA600B3A03D = {
						CreatedOnToolsVersion = 10.1;
						LastSwiftMigration = 1100;
					};
					EC950E9621B81EA700B3A03D = {
						CreatedOnToolsVersion = 10.1;
						LastSwiftMigration = 1100;
						TestTargetID = EC950E8221B81EA600B3A03D;
					};
					EC950EA121B81EA800B3A03D = {
						CreatedOnToolsVersion = 10.1;
						LastSwiftMigration = 1100;
						TestTargetID = EC950E8221B81EA600B3A03D;
					};
				};
			};
			buildConfigurationList = EC950E7E21B81EA600B3A03D /* Build configuration list for PBXProject "AeroGlaz" */;
			compatibilityVersion = "Xcode 9.3";
			developmentRegion = en;
			hasScannedForEncodings = 0;
			knownRegions = (
				en,
				Base,
			);
			mainGroup = EC950E7A21B81EA600B3A03D;
			productRefGroup = EC950E8421B81EA600B3A03D /* Products */;
			projectDirPath = "";
			projectRoot = "";
			targets = (
				EC950E8221B81EA600B3A03D /* AeroGlaz */,
				EC950E9621B81EA700B3A03D /* AeroGlazTests */,
				EC950EA121B81EA800B3A03D /* AeroGlazUITests */,
			);
		};
/* End PBXProject section */

/* Begin PBXResourcesBuildPhase section */
		EC950E8121B81EA600B3A03D /* Resources */ = {
			isa = PBXResourcesBuildPhase;
			buildActionMask = 2147483647;
			files = (
				EC950E8E21B81EA700B3A03D /* Assets.xcassets in Resources */,
			);
			runOnlyForDeploymentPostprocessing = 0;
		};
		EC950E9521B81EA700B3A03D /* Resources */ = {
			isa = PBXResourcesBuildPhase;
			buildActionMask = 2147483647;
			files = (
			);
			runOnlyForDeploymentPostprocessing = 0;
		};
		EC950EA021B81EA800B3A03D /* Resources */ = {
			isa = PBXResourcesBuildPhase;
			buildActionMask = 2147483647;
			files = (
			);
			runOnlyForDeploymentPostprocessing = 0;
		};
/* End PBXResourcesBuildPhase section */

/* Begin PBXShellScriptBuildPhase section */
		77380270D9704D07406706F7 /* [CP] Embed Pods Frameworks */ = {
			isa = PBXShellScriptBuildPhase;
			buildActionMask = 2147483647;
			files = (
			);
			inputFileListPaths = (
				"${PODS_ROOT}/Target Support Files/Pods-AeroGlaz/Pods-AeroGlaz-frameworks-${CONFIGURATION}-input-files.xcfilelist",
			);
			name = "[CP] Embed Pods Frameworks";
			outputFileListPaths = (
				"${PODS_ROOT}/Target Support Files/Pods-AeroGlaz/Pods-AeroGlaz-frameworks-${CONFIGURATION}-output-files.xcfilelist",
			);
			runOnlyForDeploymentPostprocessing = 0;
			shellPath = /bin/sh;
			shellScript = "\"${PODS_ROOT}/Target Support Files/Pods-AeroGlaz/Pods-AeroGlaz-frameworks.sh\"\n";
			showEnvVarsInLog = 0;
		};
		E9B7230BF60843A69B025722 /* [CP] Check Pods Manifest.lock */ = {
			isa = PBXShellScriptBuildPhase;
			buildActionMask = 2147483647;
			files = (
			);
			inputFileListPaths = (
			);
			inputPaths = (
				"${PODS_PODFILE_DIR_PATH}/Podfile.lock",
				"${PODS_ROOT}/Manifest.lock",
			);
			name = "[CP] Check Pods Manifest.lock";
			outputFileListPaths = (
			);
			outputPaths = (
				"$(DERIVED_FILE_DIR)/Pods-AeroGlaz-checkManifestLockResult.txt",
			);
			runOnlyForDeploymentPostprocessing = 0;
			shellPath = /bin/sh;
			shellScript = "diff \"${PODS_PODFILE_DIR_PATH}/Podfile.lock\" \"${PODS_ROOT}/Manifest.lock\" > /dev/null\nif [ $? != 0 ] ; then\n    # print error to STDERR\n    echo \"error: The sandbox is not in sync with the Podfile.lock. Run 'pod install' or update your CocoaPods installation.\" >&2\n    exit 1\nfi\n# This output is used by Xcode 'outputs' to avoid re-running this script phase.\necho \"SUCCESS\" > \"${SCRIPT_OUTPUT_FILE_0}\"\n";
			showEnvVarsInLog = 0;
		};
/* End PBXShellScriptBuildPhase section */

/* Begin PBXSourcesBuildPhase section */
		EC950E7F21B81EA600B3A03D /* Sources */ = {
			isa = PBXSourcesBuildPhase;
			buildActionMask = 2147483647;
			files = (
				EC15EADA2274E6BE0032ACB9 /* TelemetryService.swift in Sources */,
				ECD8AC202465A87900FCC8DB /* RowData.swift in Sources */,
				EC12A717244B316700DEC7A6 /* ConsoleViewController.swift in Sources */,
				ECD8AC222465A87900FCC8DB /* TableData.swift in Sources */,
				EC14732623B1F07E00385067 /* MissionRenderer.swift in Sources */,
				ECD714902365B0F200958956 /* Transformations.swift in Sources */,
				EC1678E924473DF400C71203 /* NavigationButton.swift in Sources */,
				EC18EBC624630AA6001A29D1 /* CommandButton.swift in Sources */,
				EC1678E4244623AD00C71203 /* NavigationViewController.swift in Sources */,
				EC14732223B1F02200385067 /* MovingObjectView.swift in Sources */,
				EC158057229B0A19000741DC /* CommandService.swift in Sources */,
				EC950E8921B81EA600B3A03D /* ConnectionService.swift in Sources */,
				EC15EAD42270E0B80032ACB9 /* RootViewController.swift in Sources */,
				EC15EAD8227498D20032ACB9 /* MapView.swift in Sources */,
				EC15EAD2227080250032ACB9 /* MapViewController.swift in Sources */,
				EC12E7902477E4C800BF4AE6 /* Fonts.swift in Sources */,
				EC14731F23B1EED500385067 /* MissionPolygon.swift in Sources */,
				EC14731B23B1EE9300385067 /* MovingObject.swift in Sources */,
				ECAAC83A2299B83700FB360F /* MissionView.swift in Sources */,
				EC98D9412455EBE6006BEA9F /* InsetLabel.swift in Sources */,
				EC14732823B1F62000385067 /* ConvexHull.swift in Sources */,
				EC15EAE02286FD530032ACB9 /* SimulatorService.swift in Sources */,
				EC12E78D247531B500BF4AE6 /* LocationService.swift in Sources */,
				EC12E798247933E900BF4AE6 /* StatusView.swift in Sources */,
				EC12E7922477E4D400BF4AE6 /* Colors.swift in Sources */,
				EC0ECE322449B9F5008B1479 /* Environment.swift in Sources */,
				EC12E7942477E4DF00BF4AE6 /* Dimensions.swift in Sources */,
				EC1678E6244625D500C71203 /* NavigationView.swift in Sources */,
				ECC51897247943CF007852E7 /* StatusLabel.swift in Sources */,
				ECDF4B7222593AC600C98F71 /* MissionViewController.swift in Sources */,
				EC12E79624792EFF00BF4AE6 /* StatusViewController.swift in Sources */,
				EC14732A23B1F63000385067 /* Vector.swift in Sources */,
				EC15EAD62271CBF50032ACB9 /* RootView.swift in Sources */,
				EC950E8721B81EA600B3A03D /* AppDelegate.swift in Sources */,
				ECD709A4244F3BB8004CB3B6 /* TableSlider.swift in Sources */,
				EC98D94724570FE7006BEA9F /* TableSliderCell.swift in Sources */,
				ECD8AC212465A87900FCC8DB /* IdPath.swift in Sources */,
				EC0ECE342449EACE008B1479 /* TableSection.swift in Sources */,
				ECEEEEF4226BA5E7005A71C6 /* BaseService.swift in Sources */,
				EC12A715244B1DB200DEC7A6 /* ConsoleView.swift in Sources */,
				EC98D94524570BAC006BEA9F /* TableCommandCell.swift in Sources */,
				ECD8AC1F2465A87900FCC8DB /* SectionData.swift in Sources */,
			);
			runOnlyForDeploymentPostprocessing = 0;
		};
		EC950E9321B81EA700B3A03D /* Sources */ = {
			isa = PBXSourcesBuildPhase;
			buildActionMask = 2147483647;
			files = (
				EC950E9C21B81EA700B3A03D /* GeometryTests.swift in Sources */,
			);
			runOnlyForDeploymentPostprocessing = 0;
		};
		EC950E9E21B81EA800B3A03D /* Sources */ = {
			isa = PBXSourcesBuildPhase;
			buildActionMask = 2147483647;
			files = (
				ECAE717A24979A6600B381F3 /* AeroGlazUITests.swift in Sources */,
			);
			runOnlyForDeploymentPostprocessing = 0;
		};
/* End PBXSourcesBuildPhase section */

/* Begin PBXTargetDependency section */
		EC950E9921B81EA700B3A03D /* PBXTargetDependency */ = {
			isa = PBXTargetDependency;
			target = EC950E8221B81EA600B3A03D /* AeroGlaz */;
			targetProxy = EC950E9821B81EA700B3A03D /* PBXContainerItemProxy */;
		};
		EC950EA421B81EA800B3A03D /* PBXTargetDependency */ = {
			isa = PBXTargetDependency;
			target = EC950E8221B81EA600B3A03D /* AeroGlaz */;
			targetProxy = EC950EA321B81EA800B3A03D /* PBXContainerItemProxy */;
		};
/* End PBXTargetDependency section */

/* Begin XCBuildConfiguration section */
		EC950EA921B81EA800B3A03D /* Debug */ = {
			isa = XCBuildConfiguration;
			buildSettings = {
				ALWAYS_SEARCH_USER_PATHS = NO;
				CLANG_ANALYZER_NONNULL = YES;
				CLANG_ANALYZER_NUMBER_OBJECT_CONVERSION = YES_AGGRESSIVE;
				CLANG_CXX_LANGUAGE_STANDARD = "gnu++14";
				CLANG_CXX_LIBRARY = "libc++";
				CLANG_ENABLE_MODULES = YES;
				CLANG_ENABLE_OBJC_ARC = YES;
				CLANG_ENABLE_OBJC_WEAK = YES;
				CLANG_WARN_BLOCK_CAPTURE_AUTORELEASING = YES;
				CLANG_WARN_BOOL_CONVERSION = YES;
				CLANG_WARN_COMMA = YES;
				CLANG_WARN_CONSTANT_CONVERSION = YES;
				CLANG_WARN_DEPRECATED_OBJC_IMPLEMENTATIONS = YES;
				CLANG_WARN_DIRECT_OBJC_ISA_USAGE = YES_ERROR;
				CLANG_WARN_DOCUMENTATION_COMMENTS = YES;
				CLANG_WARN_EMPTY_BODY = YES;
				CLANG_WARN_ENUM_CONVERSION = YES;
				CLANG_WARN_INFINITE_RECURSION = YES;
				CLANG_WARN_INT_CONVERSION = YES;
				CLANG_WARN_NON_LITERAL_NULL_CONVERSION = YES;
				CLANG_WARN_OBJC_IMPLICIT_RETAIN_SELF = YES;
				CLANG_WARN_OBJC_LITERAL_CONVERSION = YES;
				CLANG_WARN_OBJC_ROOT_CLASS = YES_ERROR;
				CLANG_WARN_RANGE_LOOP_ANALYSIS = YES;
				CLANG_WARN_STRICT_PROTOTYPES = YES;
				CLANG_WARN_SUSPICIOUS_MOVE = YES;
				CLANG_WARN_UNGUARDED_AVAILABILITY = YES_AGGRESSIVE;
				CLANG_WARN_UNREACHABLE_CODE = YES;
				CLANG_WARN__DUPLICATE_METHOD_MATCH = YES;
				CODE_SIGN_IDENTITY = "iPhone Developer";
				COPY_PHASE_STRIP = NO;
				DEBUG_INFORMATION_FORMAT = dwarf;
				ENABLE_STRICT_OBJC_MSGSEND = YES;
				ENABLE_TESTABILITY = YES;
				GCC_C_LANGUAGE_STANDARD = gnu11;
				GCC_DYNAMIC_NO_PIC = NO;
				GCC_NO_COMMON_BLOCKS = YES;
				GCC_OPTIMIZATION_LEVEL = 0;
				GCC_PREPROCESSOR_DEFINITIONS = (
					"DEBUG=1",
					"$(inherited)",
				);
				GCC_WARN_64_TO_32_BIT_CONVERSION = YES;
				GCC_WARN_ABOUT_RETURN_TYPE = YES_ERROR;
				GCC_WARN_UNDECLARED_SELECTOR = YES;
				GCC_WARN_UNINITIALIZED_AUTOS = YES_AGGRESSIVE;
				GCC_WARN_UNUSED_FUNCTION = YES;
				GCC_WARN_UNUSED_VARIABLE = YES;
				IPHONEOS_DEPLOYMENT_TARGET = 13.2;
				MTL_ENABLE_DEBUG_INFO = INCLUDE_SOURCE;
				MTL_FAST_MATH = YES;
				ONLY_ACTIVE_ARCH = YES;
				SDKROOT = iphoneos;
				SWIFT_ACTIVE_COMPILATION_CONDITIONS = DEBUG;
				SWIFT_OPTIMIZATION_LEVEL = "-Onone";
			};
			name = Debug;
		};
		EC950EAA21B81EA800B3A03D /* Release */ = {
			isa = XCBuildConfiguration;
			buildSettings = {
				ALWAYS_SEARCH_USER_PATHS = NO;
				CLANG_ANALYZER_NONNULL = YES;
				CLANG_ANALYZER_NUMBER_OBJECT_CONVERSION = YES_AGGRESSIVE;
				CLANG_CXX_LANGUAGE_STANDARD = "gnu++14";
				CLANG_CXX_LIBRARY = "libc++";
				CLANG_ENABLE_MODULES = YES;
				CLANG_ENABLE_OBJC_ARC = YES;
				CLANG_ENABLE_OBJC_WEAK = YES;
				CLANG_WARN_BLOCK_CAPTURE_AUTORELEASING = YES;
				CLANG_WARN_BOOL_CONVERSION = YES;
				CLANG_WARN_COMMA = YES;
				CLANG_WARN_CONSTANT_CONVERSION = YES;
				CLANG_WARN_DEPRECATED_OBJC_IMPLEMENTATIONS = YES;
				CLANG_WARN_DIRECT_OBJC_ISA_USAGE = YES_ERROR;
				CLANG_WARN_DOCUMENTATION_COMMENTS = YES;
				CLANG_WARN_EMPTY_BODY = YES;
				CLANG_WARN_ENUM_CONVERSION = YES;
				CLANG_WARN_INFINITE_RECURSION = YES;
				CLANG_WARN_INT_CONVERSION = YES;
				CLANG_WARN_NON_LITERAL_NULL_CONVERSION = YES;
				CLANG_WARN_OBJC_IMPLICIT_RETAIN_SELF = YES;
				CLANG_WARN_OBJC_LITERAL_CONVERSION = YES;
				CLANG_WARN_OBJC_ROOT_CLASS = YES_ERROR;
				CLANG_WARN_RANGE_LOOP_ANALYSIS = YES;
				CLANG_WARN_STRICT_PROTOTYPES = YES;
				CLANG_WARN_SUSPICIOUS_MOVE = YES;
				CLANG_WARN_UNGUARDED_AVAILABILITY = YES_AGGRESSIVE;
				CLANG_WARN_UNREACHABLE_CODE = YES;
				CLANG_WARN__DUPLICATE_METHOD_MATCH = YES;
				CODE_SIGN_IDENTITY = "iPhone Developer";
				COPY_PHASE_STRIP = NO;
				DEBUG_INFORMATION_FORMAT = "dwarf-with-dsym";
				ENABLE_NS_ASSERTIONS = NO;
				ENABLE_STRICT_OBJC_MSGSEND = YES;
				GCC_C_LANGUAGE_STANDARD = gnu11;
				GCC_NO_COMMON_BLOCKS = YES;
				GCC_WARN_64_TO_32_BIT_CONVERSION = YES;
				GCC_WARN_ABOUT_RETURN_TYPE = YES_ERROR;
				GCC_WARN_UNDECLARED_SELECTOR = YES;
				GCC_WARN_UNINITIALIZED_AUTOS = YES_AGGRESSIVE;
				GCC_WARN_UNUSED_FUNCTION = YES;
				GCC_WARN_UNUSED_VARIABLE = YES;
				IPHONEOS_DEPLOYMENT_TARGET = 13.2;
				MTL_ENABLE_DEBUG_INFO = NO;
				MTL_FAST_MATH = YES;
				SDKROOT = iphoneos;
				SWIFT_COMPILATION_MODE = wholemodule;
				SWIFT_OPTIMIZATION_LEVEL = "-O";
				VALIDATE_PRODUCT = YES;
			};
			name = Release;
		};
		EC950EAC21B81EA800B3A03D /* Debug */ = {
			isa = XCBuildConfiguration;
			baseConfigurationReference = 097F1AB90CD555528FD5EFD6 /* Pods-AeroGlaz.debug.xcconfig */;
			buildSettings = {
				ASSETCATALOG_COMPILER_APPICON_NAME = AppIcon;
				CODE_SIGN_STYLE = Automatic;
				DEVELOPMENT_TEAM = JF2NVCP8SN;
				ENABLE_BITCODE = NO;
				HEADER_SEARCH_PATHS = "$(PODS_ROOT)/Headers/Public";
				INFOPLIST_FILE = AeroGlaz/Info.plist;
				IPHONEOS_DEPLOYMENT_TARGET = 13.2;
				LD_RUNPATH_SEARCH_PATHS = (
					"$(inherited)",
					"@executable_path/Frameworks",
				);
				MARKETING_VERSION = 0.1;
				PRODUCT_BUNDLE_IDENTIFIER = com.company.AeroGlaz;
				PRODUCT_NAME = "$(TARGET_NAME)";
				SWIFT_VERSION = 4.2;
				TARGETED_DEVICE_FAMILY = "1,2";
			};
			name = Debug;
		};
		EC950EAD21B81EA800B3A03D /* Release */ = {
			isa = XCBuildConfiguration;
			baseConfigurationReference = 7A605E403BFEFE2FCB6E2F85 /* Pods-AeroGlaz.release.xcconfig */;
			buildSettings = {
				ASSETCATALOG_COMPILER_APPICON_NAME = AppIcon;
				CODE_SIGN_STYLE = Automatic;
				DEVELOPMENT_TEAM = JF2NVCP8SN;
				ENABLE_BITCODE = NO;
				HEADER_SEARCH_PATHS = "$(PODS_ROOT)/Headers/Public";
				INFOPLIST_FILE = AeroGlaz/Info.plist;
				IPHONEOS_DEPLOYMENT_TARGET = 13.2;
				LD_RUNPATH_SEARCH_PATHS = (
					"$(inherited)",
					"@executable_path/Frameworks",
				);
				MARKETING_VERSION = 0.1;
				PRODUCT_BUNDLE_IDENTIFIER = com.company.AeroGlaz;
				PRODUCT_NAME = "$(TARGET_NAME)";
				SWIFT_VERSION = 4.2;
				TARGETED_DEVICE_FAMILY = "1,2";
			};
			name = Release;
		};
		EC950EAF21B81EA800B3A03D /* Debug */ = {
			isa = XCBuildConfiguration;
			buildSettings = {
				ALWAYS_EMBED_SWIFT_STANDARD_LIBRARIES = YES;
				BUNDLE_LOADER = "$(TEST_HOST)";
				CODE_SIGN_STYLE = Automatic;
				DEVELOPMENT_TEAM = JF2NVCP8SN;
				INFOPLIST_FILE = AeroGlazTests/Info.plist;
				IPHONEOS_DEPLOYMENT_TARGET = 13.2;
				LD_RUNPATH_SEARCH_PATHS = (
					"$(inherited)",
					"@executable_path/Frameworks",
					"@loader_path/Frameworks",
				);
				PRODUCT_BUNDLE_IDENTIFIER = com.company.AeroGlazTests;
				PRODUCT_NAME = "$(TARGET_NAME)";
				SWIFT_VERSION = 4.2;
				TARGETED_DEVICE_FAMILY = "1,2";
				TEST_HOST = "$(BUILT_PRODUCTS_DIR)/AeroGlaz.app/AeroGlaz";
			};
			name = Debug;
		};
		EC950EB021B81EA800B3A03D /* Release */ = {
			isa = XCBuildConfiguration;
			buildSettings = {
				ALWAYS_EMBED_SWIFT_STANDARD_LIBRARIES = YES;
				BUNDLE_LOADER = "$(TEST_HOST)";
				CODE_SIGN_STYLE = Automatic;
				DEVELOPMENT_TEAM = JF2NVCP8SN;
				INFOPLIST_FILE = AeroGlazTests/Info.plist;
				IPHONEOS_DEPLOYMENT_TARGET = 13.2;
				LD_RUNPATH_SEARCH_PATHS = (
					"$(inherited)",
					"@executable_path/Frameworks",
					"@loader_path/Frameworks",
				);
				PRODUCT_BUNDLE_IDENTIFIER = com.company.AeroGlazTests;
				PRODUCT_NAME = "$(TARGET_NAME)";
				SWIFT_VERSION = 4.2;
				TARGETED_DEVICE_FAMILY = "1,2";
				TEST_HOST = "$(BUILT_PRODUCTS_DIR)/AeroGlaz.app/AeroGlaz";
			};
			name = Release;
		};
		EC950EB221B81EA800B3A03D /* Debug */ = {
			isa = XCBuildConfiguration;
			buildSettings = {
				ALWAYS_EMBED_SWIFT_STANDARD_LIBRARIES = YES;
				CODE_SIGN_STYLE = Automatic;
				DEVELOPMENT_TEAM = JF2NVCP8SN;
				INFOPLIST_FILE = AeroGlazUITests/Info.plist;
				IPHONEOS_DEPLOYMENT_TARGET = 13.2;
				LD_RUNPATH_SEARCH_PATHS = (
					"$(inherited)",
					"@executable_path/Frameworks",
					"@loader_path/Frameworks",
				);
				PRODUCT_BUNDLE_IDENTIFIER = com.company.AeroGlazUITests;
				PRODUCT_NAME = "$(TARGET_NAME)";
				SWIFT_VERSION = 4.2;
				TARGETED_DEVICE_FAMILY = "1,2";
				TEST_TARGET_NAME = AeroGlaz;
			};
			name = Debug;
		};
		EC950EB321B81EA800B3A03D /* Release */ = {
			isa = XCBuildConfiguration;
			buildSettings = {
				ALWAYS_EMBED_SWIFT_STANDARD_LIBRARIES = YES;
				CODE_SIGN_STYLE = Automatic;
				DEVELOPMENT_TEAM = JF2NVCP8SN;
				INFOPLIST_FILE = AeroGlazUITests/Info.plist;
				IPHONEOS_DEPLOYMENT_TARGET = 13.2;
				LD_RUNPATH_SEARCH_PATHS = (
					"$(inherited)",
					"@executable_path/Frameworks",
					"@loader_path/Frameworks",
				);
				PRODUCT_BUNDLE_IDENTIFIER = com.company.AeroGlazUITests;
				PRODUCT_NAME = "$(TARGET_NAME)";
				SWIFT_VERSION = 4.2;
				TARGETED_DEVICE_FAMILY = "1,2";
				TEST_TARGET_NAME = AeroGlaz;
			};
			name = Release;
		};
/* End XCBuildConfiguration section */

/* Begin XCConfigurationList section */
		EC950E7E21B81EA600B3A03D /* Build configuration list for PBXProject "AeroGlaz" */ = {
			isa = XCConfigurationList;
			buildConfigurations = (
				EC950EA921B81EA800B3A03D /* Debug */,
				EC950EAA21B81EA800B3A03D /* Release */,
			);
			defaultConfigurationIsVisible = 0;
			defaultConfigurationName = Release;
		};
		EC950EAB21B81EA800B3A03D /* Build configuration list for PBXNativeTarget "AeroGlaz" */ = {
			isa = XCConfigurationList;
			buildConfigurations = (
				EC950EAC21B81EA800B3A03D /* Debug */,
				EC950EAD21B81EA800B3A03D /* Release */,
			);
			defaultConfigurationIsVisible = 0;
			defaultConfigurationName = Release;
		};
		EC950EAE21B81EA800B3A03D /* Build configuration list for PBXNativeTarget "AeroGlazTests" */ = {
			isa = XCConfigurationList;
			buildConfigurations = (
				EC950EAF21B81EA800B3A03D /* Debug */,
				EC950EB021B81EA800B3A03D /* Release */,
			);
			defaultConfigurationIsVisible = 0;
			defaultConfigurationName = Release;
		};
		EC950EB121B81EA800B3A03D /* Build configuration list for PBXNativeTarget "AeroGlazUITests" */ = {
			isa = XCConfigurationList;
			buildConfigurations = (
				EC950EB221B81EA800B3A03D /* Debug */,
				EC950EB321B81EA800B3A03D /* Release */,
			);
			defaultConfigurationIsVisible = 0;
			defaultConfigurationName = Release;
		};
/* End XCConfigurationList section */
	};
	rootObject = EC950E7B21B81EA600B3A03D /* Project object */;
}
