// !$*UTF8*$!
{
	archiveVersion = 1;
	classes = {
	};
	objectVersion = 51;
	objects = {

/* Begin PBXBuildFile section */
		EAB8DEAC428EE385E1B9C15E /* libPods-DroneMap.a in Frameworks */ = {isa = PBXBuildFile; fileRef = C0A5FA8B00CB41927D89D276 /* libPods-DroneMap.a */; };
		EC14731B23B1EE9300385067 /* MovingObject.swift in Sources */ = {isa = PBXBuildFile; fileRef = EC14731A23B1EE9300385067 /* MovingObject.swift */; };
		EC14731D23B1EEAE00385067 /* PolygonVertex.swift in Sources */ = {isa = PBXBuildFile; fileRef = EC14731C23B1EEAE00385067 /* PolygonVertex.swift */; };
		EC14731F23B1EED500385067 /* MissionPolygon.swift in Sources */ = {isa = PBXBuildFile; fileRef = EC14731E23B1EED500385067 /* MissionPolygon.swift */; };
		EC14732223B1F02200385067 /* MovingObjectView.swift in Sources */ = {isa = PBXBuildFile; fileRef = EC14732123B1F02200385067 /* MovingObjectView.swift */; };
		EC14732423B1F03400385067 /* PolygonVertexView.swift in Sources */ = {isa = PBXBuildFile; fileRef = EC14732323B1F03400385067 /* PolygonVertexView.swift */; };
		EC14732623B1F07E00385067 /* MissionRenderer.swift in Sources */ = {isa = PBXBuildFile; fileRef = EC14732523B1F07E00385067 /* MissionRenderer.swift */; };
		EC14732823B1F62000385067 /* ConvexHull.swift in Sources */ = {isa = PBXBuildFile; fileRef = EC14732723B1F62000385067 /* ConvexHull.swift */; };
		EC14732A23B1F63000385067 /* Vector.swift in Sources */ = {isa = PBXBuildFile; fileRef = EC14732923B1F63000385067 /* Vector.swift */; };
		EC158057229B0A19000741DC /* CommandService.swift in Sources */ = {isa = PBXBuildFile; fileRef = EC158056229B0A19000741DC /* CommandService.swift */; };
		EC15EAD2227080250032ACB9 /* MapViewController.swift in Sources */ = {isa = PBXBuildFile; fileRef = EC15EAD1227080250032ACB9 /* MapViewController.swift */; };
		EC15EAD42270E0B80032ACB9 /* RootViewController.swift in Sources */ = {isa = PBXBuildFile; fileRef = EC15EAD32270E0B80032ACB9 /* RootViewController.swift */; };
		EC15EAD62271CBF50032ACB9 /* RootView.swift in Sources */ = {isa = PBXBuildFile; fileRef = EC15EAD52271CBF50032ACB9 /* RootView.swift */; };
		EC15EAD8227498D20032ACB9 /* MapView.swift in Sources */ = {isa = PBXBuildFile; fileRef = EC15EAD7227498D20032ACB9 /* MapView.swift */; };
		EC15EADA2274E6BE0032ACB9 /* LocationService.swift in Sources */ = {isa = PBXBuildFile; fileRef = EC15EAD92274E6BE0032ACB9 /* LocationService.swift */; };
		EC15EADC227CCF570032ACB9 /* NavigationViewController.swift in Sources */ = {isa = PBXBuildFile; fileRef = EC15EADB227CCF570032ACB9 /* NavigationViewController.swift */; };
		EC15EADE227CD1D90032ACB9 /* NavigationView.swift in Sources */ = {isa = PBXBuildFile; fileRef = EC15EADD227CD1D90032ACB9 /* NavigationView.swift */; };
		EC15EAE02286FD530032ACB9 /* SimulatorService.swift in Sources */ = {isa = PBXBuildFile; fileRef = EC15EADF2286FD530032ACB9 /* SimulatorService.swift */; };
		EC1C66782291C07B00BEA440 /* ServiceProtocol.swift in Sources */ = {isa = PBXBuildFile; fileRef = EC1C66772291C07B00BEA440 /* ServiceProtocol.swift */; };
		EC32569823ACCD320080B006 /* StatusView.swift in Sources */ = {isa = PBXBuildFile; fileRef = EC32569723ACCD320080B006 /* StatusView.swift */; };
		EC46217E22998D7C00F08B5E /* StatusViewController.swift in Sources */ = {isa = PBXBuildFile; fileRef = EC46217D22998D7C00F08B5E /* StatusViewController.swift */; };
		EC950E8721B81EA600B3A03D /* AppDelegate.swift in Sources */ = {isa = PBXBuildFile; fileRef = EC950E8621B81EA600B3A03D /* AppDelegate.swift */; };
		EC950E8921B81EA600B3A03D /* ConnectionService.swift in Sources */ = {isa = PBXBuildFile; fileRef = EC950E8821B81EA600B3A03D /* ConnectionService.swift */; };
		EC950E8E21B81EA700B3A03D /* Assets.xcassets in Resources */ = {isa = PBXBuildFile; fileRef = EC950E8D21B81EA700B3A03D /* Assets.xcassets */; };
		EC950E9C21B81EA700B3A03D /* GeometryTests.swift in Sources */ = {isa = PBXBuildFile; fileRef = EC950E9B21B81EA700B3A03D /* GeometryTests.swift */; };
		EC950EA721B81EA800B3A03D /* DroneMapUITests.swift in Sources */ = {isa = PBXBuildFile; fileRef = EC950EA621B81EA800B3A03D /* DroneMapUITests.swift */; };
		ECAAC83A2299B83700FB360F /* ConsoleView.swift in Sources */ = {isa = PBXBuildFile; fileRef = ECAAC8392299B83700FB360F /* ConsoleView.swift */; };
		ECD714902365B0F200958956 /* Utils.swift in Sources */ = {isa = PBXBuildFile; fileRef = ECD7148F2365B0F200958956 /* Utils.swift */; };
		ECDF4B7222593AC600C98F71 /* ConsoleViewController.swift in Sources */ = {isa = PBXBuildFile; fileRef = ECDF4B7122593AC600C98F71 /* ConsoleViewController.swift */; };
		ECEEEEE4225BCD39005A71C6 /* Logger.swift in Sources */ = {isa = PBXBuildFile; fileRef = ECEEEEE3225BCD39005A71C6 /* Logger.swift */; };
		ECEEEEE82267A24F005A71C6 /* BatteryService.swift in Sources */ = {isa = PBXBuildFile; fileRef = ECEEEEE72267A24F005A71C6 /* BatteryService.swift */; };
		ECEEEEEC2269DB2F005A71C6 /* Environment.swift in Sources */ = {isa = PBXBuildFile; fileRef = ECEEEEEB2269DB2F005A71C6 /* Environment.swift */; };
		ECEEEEF0226A0E6E005A71C6 /* ProductService.swift in Sources */ = {isa = PBXBuildFile; fileRef = ECEEEEEF226A0E6E005A71C6 /* ProductService.swift */; };
		ECEEEEF4226BA5E7005A71C6 /* ServiceBase.swift in Sources */ = {isa = PBXBuildFile; fileRef = ECEEEEF3226BA5E7005A71C6 /* ServiceBase.swift */; };
/* End PBXBuildFile section */

/* Begin PBXContainerItemProxy section */
		EC950E9821B81EA700B3A03D /* PBXContainerItemProxy */ = {
			isa = PBXContainerItemProxy;
			containerPortal = EC950E7B21B81EA600B3A03D /* Project object */;
			proxyType = 1;
			remoteGlobalIDString = EC950E8221B81EA600B3A03D;
			remoteInfo = DroneMap;
		};
		EC950EA321B81EA800B3A03D /* PBXContainerItemProxy */ = {
			isa = PBXContainerItemProxy;
			containerPortal = EC950E7B21B81EA600B3A03D /* Project object */;
			proxyType = 1;
			remoteGlobalIDString = EC950E8221B81EA600B3A03D;
			remoteInfo = DroneMap;
		};
/* End PBXContainerItemProxy section */

/* Begin PBXFileReference section */
		36FCEE976A7521F8A5A31429 /* Pods-DroneMap.release.xcconfig */ = {isa = PBXFileReference; includeInIndex = 1; lastKnownFileType = text.xcconfig; name = "Pods-DroneMap.release.xcconfig"; path = "Target Support Files/Pods-DroneMap/Pods-DroneMap.release.xcconfig"; sourceTree = "<group>"; };
		9A2289144CFB654F00B72808 /* Pods-DroneMap.debug.xcconfig */ = {isa = PBXFileReference; includeInIndex = 1; lastKnownFileType = text.xcconfig; name = "Pods-DroneMap.debug.xcconfig"; path = "Target Support Files/Pods-DroneMap/Pods-DroneMap.debug.xcconfig"; sourceTree = "<group>"; };
		C0A5FA8B00CB41927D89D276 /* libPods-DroneMap.a */ = {isa = PBXFileReference; explicitFileType = archive.ar; includeInIndex = 0; path = "libPods-DroneMap.a"; sourceTree = BUILT_PRODUCTS_DIR; };
		EC14731A23B1EE9300385067 /* MovingObject.swift */ = {isa = PBXFileReference; lastKnownFileType = sourcecode.swift; path = MovingObject.swift; sourceTree = "<group>"; };
		EC14731C23B1EEAE00385067 /* PolygonVertex.swift */ = {isa = PBXFileReference; lastKnownFileType = sourcecode.swift; path = PolygonVertex.swift; sourceTree = "<group>"; };
		EC14731E23B1EED500385067 /* MissionPolygon.swift */ = {isa = PBXFileReference; lastKnownFileType = sourcecode.swift; path = MissionPolygon.swift; sourceTree = "<group>"; };
		EC14732123B1F02200385067 /* MovingObjectView.swift */ = {isa = PBXFileReference; lastKnownFileType = sourcecode.swift; path = MovingObjectView.swift; sourceTree = "<group>"; };
		EC14732323B1F03400385067 /* PolygonVertexView.swift */ = {isa = PBXFileReference; lastKnownFileType = sourcecode.swift; path = PolygonVertexView.swift; sourceTree = "<group>"; };
		EC14732523B1F07E00385067 /* MissionRenderer.swift */ = {isa = PBXFileReference; lastKnownFileType = sourcecode.swift; path = MissionRenderer.swift; sourceTree = "<group>"; };
		EC14732723B1F62000385067 /* ConvexHull.swift */ = {isa = PBXFileReference; lastKnownFileType = sourcecode.swift; path = ConvexHull.swift; sourceTree = "<group>"; };
		EC14732923B1F63000385067 /* Vector.swift */ = {isa = PBXFileReference; lastKnownFileType = sourcecode.swift; path = Vector.swift; sourceTree = "<group>"; };
		EC158056229B0A19000741DC /* CommandService.swift */ = {isa = PBXFileReference; lastKnownFileType = sourcecode.swift; path = CommandService.swift; sourceTree = "<group>"; };
		EC15EAD1227080250032ACB9 /* MapViewController.swift */ = {isa = PBXFileReference; lastKnownFileType = sourcecode.swift; path = MapViewController.swift; sourceTree = "<group>"; };
		EC15EAD32270E0B80032ACB9 /* RootViewController.swift */ = {isa = PBXFileReference; lastKnownFileType = sourcecode.swift; path = RootViewController.swift; sourceTree = "<group>"; };
		EC15EAD52271CBF50032ACB9 /* RootView.swift */ = {isa = PBXFileReference; lastKnownFileType = sourcecode.swift; path = RootView.swift; sourceTree = "<group>"; };
		EC15EAD7227498D20032ACB9 /* MapView.swift */ = {isa = PBXFileReference; lastKnownFileType = sourcecode.swift; path = MapView.swift; sourceTree = "<group>"; };
		EC15EAD92274E6BE0032ACB9 /* LocationService.swift */ = {isa = PBXFileReference; lastKnownFileType = sourcecode.swift; path = LocationService.swift; sourceTree = "<group>"; };
		EC15EADB227CCF570032ACB9 /* NavigationViewController.swift */ = {isa = PBXFileReference; lastKnownFileType = sourcecode.swift; path = NavigationViewController.swift; sourceTree = "<group>"; };
		EC15EADD227CD1D90032ACB9 /* NavigationView.swift */ = {isa = PBXFileReference; lastKnownFileType = sourcecode.swift; path = NavigationView.swift; sourceTree = "<group>"; };
		EC15EADF2286FD530032ACB9 /* SimulatorService.swift */ = {isa = PBXFileReference; lastKnownFileType = sourcecode.swift; path = SimulatorService.swift; sourceTree = "<group>"; };
		EC1C66772291C07B00BEA440 /* ServiceProtocol.swift */ = {isa = PBXFileReference; lastKnownFileType = sourcecode.swift; path = ServiceProtocol.swift; sourceTree = "<group>"; };
		EC32569723ACCD320080B006 /* StatusView.swift */ = {isa = PBXFileReference; lastKnownFileType = sourcecode.swift; path = StatusView.swift; sourceTree = "<group>"; };
		EC46217D22998D7C00F08B5E /* StatusViewController.swift */ = {isa = PBXFileReference; lastKnownFileType = sourcecode.swift; path = StatusViewController.swift; sourceTree = "<group>"; };
		EC950E8321B81EA600B3A03D /* DroneMap.app */ = {isa = PBXFileReference; explicitFileType = wrapper.application; includeInIndex = 0; path = DroneMap.app; sourceTree = BUILT_PRODUCTS_DIR; };
		EC950E8621B81EA600B3A03D /* AppDelegate.swift */ = {isa = PBXFileReference; lastKnownFileType = sourcecode.swift; path = AppDelegate.swift; sourceTree = "<group>"; };
		EC950E8821B81EA600B3A03D /* ConnectionService.swift */ = {isa = PBXFileReference; lastKnownFileType = sourcecode.swift; path = ConnectionService.swift; sourceTree = "<group>"; };
		EC950E8D21B81EA700B3A03D /* Assets.xcassets */ = {isa = PBXFileReference; lastKnownFileType = folder.assetcatalog; path = Assets.xcassets; sourceTree = "<group>"; };
		EC950E9221B81EA700B3A03D /* Info.plist */ = {isa = PBXFileReference; lastKnownFileType = text.plist.xml; path = Info.plist; sourceTree = "<group>"; };
		EC950E9721B81EA700B3A03D /* DroneMapTests.xctest */ = {isa = PBXFileReference; explicitFileType = wrapper.cfbundle; includeInIndex = 0; path = DroneMapTests.xctest; sourceTree = BUILT_PRODUCTS_DIR; };
		EC950E9B21B81EA700B3A03D /* GeometryTests.swift */ = {isa = PBXFileReference; lastKnownFileType = sourcecode.swift; path = GeometryTests.swift; sourceTree = "<group>"; };
		EC950E9D21B81EA700B3A03D /* Info.plist */ = {isa = PBXFileReference; lastKnownFileType = text.plist.xml; path = Info.plist; sourceTree = "<group>"; };
		EC950EA221B81EA800B3A03D /* DroneMapUITests.xctest */ = {isa = PBXFileReference; explicitFileType = wrapper.cfbundle; includeInIndex = 0; path = DroneMapUITests.xctest; sourceTree = BUILT_PRODUCTS_DIR; };
		EC950EA621B81EA800B3A03D /* DroneMapUITests.swift */ = {isa = PBXFileReference; lastKnownFileType = sourcecode.swift; path = DroneMapUITests.swift; sourceTree = "<group>"; };
		EC950EA821B81EA800B3A03D /* Info.plist */ = {isa = PBXFileReference; lastKnownFileType = text.plist.xml; path = Info.plist; sourceTree = "<group>"; };
		ECAAC8392299B83700FB360F /* ConsoleView.swift */ = {isa = PBXFileReference; lastKnownFileType = sourcecode.swift; path = ConsoleView.swift; sourceTree = "<group>"; };
		ECD7148F2365B0F200958956 /* Utils.swift */ = {isa = PBXFileReference; lastKnownFileType = sourcecode.swift; path = Utils.swift; sourceTree = "<group>"; };
		ECDF4B7122593AC600C98F71 /* ConsoleViewController.swift */ = {isa = PBXFileReference; lastKnownFileType = sourcecode.swift; path = ConsoleViewController.swift; sourceTree = "<group>"; };
		ECEEEEE3225BCD39005A71C6 /* Logger.swift */ = {isa = PBXFileReference; lastKnownFileType = sourcecode.swift; path = Logger.swift; sourceTree = "<group>"; };
		ECEEEEE72267A24F005A71C6 /* BatteryService.swift */ = {isa = PBXFileReference; lastKnownFileType = sourcecode.swift; path = BatteryService.swift; sourceTree = "<group>"; };
		ECEEEEEB2269DB2F005A71C6 /* Environment.swift */ = {isa = PBXFileReference; lastKnownFileType = sourcecode.swift; path = Environment.swift; sourceTree = "<group>"; };
		ECEEEEEF226A0E6E005A71C6 /* ProductService.swift */ = {isa = PBXFileReference; lastKnownFileType = sourcecode.swift; path = ProductService.swift; sourceTree = "<group>"; };
		ECEEEEF3226BA5E7005A71C6 /* ServiceBase.swift */ = {isa = PBXFileReference; lastKnownFileType = sourcecode.swift; name = ServiceBase.swift; path = ../ServiceBase.swift; sourceTree = "<group>"; };
/* End PBXFileReference section */

/* Begin PBXFrameworksBuildPhase section */
		EC950E8021B81EA600B3A03D /* Frameworks */ = {
			isa = PBXFrameworksBuildPhase;
			buildActionMask = 2147483647;
			files = (
				EAB8DEAC428EE385E1B9C15E /* libPods-DroneMap.a in Frameworks */,
			);
			runOnlyForDeploymentPostprocessing = 0;
		};
		EC950E9421B81EA700B3A03D /* Frameworks */ = {
			isa = PBXFrameworksBuildPhase;
			buildActionMask = 2147483647;
			files = (
			);
			runOnlyForDeploymentPostprocessing = 0;
		};
		EC950E9F21B81EA800B3A03D /* Frameworks */ = {
			isa = PBXFrameworksBuildPhase;
			buildActionMask = 2147483647;
			files = (
			);
			runOnlyForDeploymentPostprocessing = 0;
		};
/* End PBXFrameworksBuildPhase section */

/* Begin PBXGroup section */
		918ECB132C2AC04D3D2E620F /* Pods */ = {
			isa = PBXGroup;
			children = (
				9A2289144CFB654F00B72808 /* Pods-DroneMap.debug.xcconfig */,
				36FCEE976A7521F8A5A31429 /* Pods-DroneMap.release.xcconfig */,
			);
			path = Pods;
			sourceTree = "<group>";
		};
		ABE370997E7D2DC38A5094D4 /* Frameworks */ = {
			isa = PBXGroup;
			children = (
				C0A5FA8B00CB41927D89D276 /* libPods-DroneMap.a */,
			);
			name = Frameworks;
			sourceTree = "<group>";
		};
		EC14731923B1EE5B00385067 /* MapAnnotations */ = {
			isa = PBXGroup;
			children = (
				EC14731A23B1EE9300385067 /* MovingObject.swift */,
				EC14731C23B1EEAE00385067 /* PolygonVertex.swift */,
				EC14731E23B1EED500385067 /* MissionPolygon.swift */,
			);
			path = MapAnnotations;
			sourceTree = "<group>";
		};
		EC14732023B1EFA600385067 /* MapAnnotationViews */ = {
			isa = PBXGroup;
			children = (
				EC14732123B1F02200385067 /* MovingObjectView.swift */,
				EC14732323B1F03400385067 /* PolygonVertexView.swift */,
				EC14732523B1F07E00385067 /* MissionRenderer.swift */,
			);
			path = MapAnnotationViews;
			sourceTree = "<group>";
		};
		EC15EACE226DE7E70032ACB9 /* Views */ = {
			isa = PBXGroup;
			children = (
				EC14732023B1EFA600385067 /* MapAnnotationViews */,
				EC15EAD52271CBF50032ACB9 /* RootView.swift */,
				ECAAC8392299B83700FB360F /* ConsoleView.swift */,
				EC15EAD7227498D20032ACB9 /* MapView.swift */,
				EC15EADD227CD1D90032ACB9 /* NavigationView.swift */,
				EC32569723ACCD320080B006 /* StatusView.swift */,
			);
			path = Views;
			sourceTree = "<group>";
		};
		EC1C66792291C3C100BEA440 /* Generic */ = {
			isa = PBXGroup;
			children = (
				EC1C66772291C07B00BEA440 /* ServiceProtocol.swift */,
				ECEEEEF3226BA5E7005A71C6 /* ServiceBase.swift */,
			);
			path = Generic;
			sourceTree = "<group>";
		};
		EC950E7A21B81EA600B3A03D = {
			isa = PBXGroup;
			children = (
				EC950E8521B81EA600B3A03D /* DroneMap */,
				EC950E9A21B81EA700B3A03D /* DroneMapTests */,
				EC950EA521B81EA800B3A03D /* DroneMapUITests */,
				EC950E8421B81EA600B3A03D /* Products */,
				918ECB132C2AC04D3D2E620F /* Pods */,
				ABE370997E7D2DC38A5094D4 /* Frameworks */,
			);
			sourceTree = "<group>";
		};
		EC950E8421B81EA600B3A03D /* Products */ = {
			isa = PBXGroup;
			children = (
				EC950E8321B81EA600B3A03D /* DroneMap.app */,
				EC950E9721B81EA700B3A03D /* DroneMapTests.xctest */,
				EC950EA221B81EA800B3A03D /* DroneMapUITests.xctest */,
			);
			name = Products;
			sourceTree = "<group>";
		};
		EC950E8521B81EA600B3A03D /* DroneMap */ = {
			isa = PBXGroup;
			children = (
				EC950E8621B81EA600B3A03D /* AppDelegate.swift */,
				ECEEEEEB2269DB2F005A71C6 /* Environment.swift */,
				ECEEEEE3225BCD39005A71C6 /* Logger.swift */,
				ECEEEEEA2267A96A005A71C6 /* Services */,
				ECEEEEE92267A959005A71C6 /* Controllers */,
				EC15EACE226DE7E70032ACB9 /* Views */,
				EC950E8D21B81EA700B3A03D /* Assets.xcassets */,
				EC950E9221B81EA700B3A03D /* Info.plist */,
			);
			path = DroneMap;
			sourceTree = "<group>";
		};
		EC950E9A21B81EA700B3A03D /* DroneMapTests */ = {
			isa = PBXGroup;
			children = (
				EC950E9B21B81EA700B3A03D /* GeometryTests.swift */,
				EC950E9D21B81EA700B3A03D /* Info.plist */,
			);
			path = DroneMapTests;
			sourceTree = "<group>";
		};
		EC950EA521B81EA800B3A03D /* DroneMapUITests */ = {
			isa = PBXGroup;
			children = (
				EC950EA621B81EA800B3A03D /* DroneMapUITests.swift */,
				EC950EA821B81EA800B3A03D /* Info.plist */,
			);
			path = DroneMapUITests;
			sourceTree = "<group>";
		};
		ECD7148E2365B09800958956 /* Geometry */ = {
			isa = PBXGroup;
			children = (
				EC14732723B1F62000385067 /* ConvexHull.swift */,
				EC14732923B1F63000385067 /* Vector.swift */,
				ECD7148F2365B0F200958956 /* Utils.swift */,
			);
			path = Geometry;
			sourceTree = "<group>";
		};
		ECEEEEE92267A959005A71C6 /* Controllers */ = {
			isa = PBXGroup;
			children = (
				EC14731923B1EE5B00385067 /* MapAnnotations */,
				ECD7148E2365B09800958956 /* Geometry */,
				EC15EAD32270E0B80032ACB9 /* RootViewController.swift */,
				EC15EAD1227080250032ACB9 /* MapViewController.swift */,
				EC46217D22998D7C00F08B5E /* StatusViewController.swift */,
				ECDF4B7122593AC600C98F71 /* ConsoleViewController.swift */,
				EC15EADB227CCF570032ACB9 /* NavigationViewController.swift */,
			);
			path = Controllers;
			sourceTree = "<group>";
		};
		ECEEEEEA2267A96A005A71C6 /* Services */ = {
			isa = PBXGroup;
			children = (
				EC1C66792291C3C100BEA440 /* Generic */,
				EC15EADF2286FD530032ACB9 /* SimulatorService.swift */,
				ECEEEEE72267A24F005A71C6 /* BatteryService.swift */,
				ECEEEEEF226A0E6E005A71C6 /* ProductService.swift */,
				EC15EAD92274E6BE0032ACB9 /* LocationService.swift */,
				EC950E8821B81EA600B3A03D /* ConnectionService.swift */,
				EC158056229B0A19000741DC /* CommandService.swift */,
			);
			path = Services;
			sourceTree = "<group>";
		};
/* End PBXGroup section */

/* Begin PBXNativeTarget section */
		EC950E8221B81EA600B3A03D /* DroneMap */ = {
			isa = PBXNativeTarget;
			buildConfigurationList = EC950EAB21B81EA800B3A03D /* Build configuration list for PBXNativeTarget "DroneMap" */;
			buildPhases = (
				E9B7230BF60843A69B025722 /* [CP] Check Pods Manifest.lock */,
				EC950E7F21B81EA600B3A03D /* Sources */,
				EC950E8021B81EA600B3A03D /* Frameworks */,
				EC950E8121B81EA600B3A03D /* Resources */,
				77380270D9704D07406706F7 /* [CP] Embed Pods Frameworks */,
			);
			buildRules = (
			);
			dependencies = (
			);
			name = DroneMap;
			productName = DroneMap;
			productReference = EC950E8321B81EA600B3A03D /* DroneMap.app */;
			productType = "com.apple.product-type.application";
		};
		EC950E9621B81EA700B3A03D /* DroneMapTests */ = {
			isa = PBXNativeTarget;
			buildConfigurationList = EC950EAE21B81EA800B3A03D /* Build configuration list for PBXNativeTarget "DroneMapTests" */;
			buildPhases = (
				EC950E9321B81EA700B3A03D /* Sources */,
				EC950E9421B81EA700B3A03D /* Frameworks */,
				EC950E9521B81EA700B3A03D /* Resources */,
			);
			buildRules = (
			);
			dependencies = (
				EC950E9921B81EA700B3A03D /* PBXTargetDependency */,
			);
			name = DroneMapTests;
			productName = DroneMapTests;
			productReference = EC950E9721B81EA700B3A03D /* DroneMapTests.xctest */;
			productType = "com.apple.product-type.bundle.unit-test";
		};
		EC950EA121B81EA800B3A03D /* DroneMapUITests */ = {
			isa = PBXNativeTarget;
			buildConfigurationList = EC950EB121B81EA800B3A03D /* Build configuration list for PBXNativeTarget "DroneMapUITests" */;
			buildPhases = (
				EC950E9E21B81EA800B3A03D /* Sources */,
				EC950E9F21B81EA800B3A03D /* Frameworks */,
				EC950EA021B81EA800B3A03D /* Resources */,
			);
			buildRules = (
			);
			dependencies = (
				EC950EA421B81EA800B3A03D /* PBXTargetDependency */,
			);
			name = DroneMapUITests;
			productName = DroneMapUITests;
			productReference = EC950EA221B81EA800B3A03D /* DroneMapUITests.xctest */;
			productType = "com.apple.product-type.bundle.ui-testing";
		};
/* End PBXNativeTarget section */

/* Begin PBXProject section */
		EC950E7B21B81EA600B3A03D /* Project object */ = {
			isa = PBXProject;
			attributes = {
				LastSwiftUpdateCheck = 1010;
				LastUpgradeCheck = 1010;
				ORGANIZATIONNAME = "Evgeny Agamirzov";
				TargetAttributes = {
					EC950E8221B81EA600B3A03D = {
						CreatedOnToolsVersion = 10.1;
						LastSwiftMigration = 1100;
					};
					EC950E9621B81EA700B3A03D = {
						CreatedOnToolsVersion = 10.1;
						LastSwiftMigration = 1100;
						TestTargetID = EC950E8221B81EA600B3A03D;
					};
					EC950EA121B81EA800B3A03D = {
						CreatedOnToolsVersion = 10.1;
						LastSwiftMigration = 1100;
						TestTargetID = EC950E8221B81EA600B3A03D;
					};
				};
			};
			buildConfigurationList = EC950E7E21B81EA600B3A03D /* Build configuration list for PBXProject "DroneMap" */;
			compatibilityVersion = "Xcode 9.3";
			developmentRegion = en;
			hasScannedForEncodings = 0;
			knownRegions = (
				en,
				Base,
			);
			mainGroup = EC950E7A21B81EA600B3A03D;
			productRefGroup = EC950E8421B81EA600B3A03D /* Products */;
			projectDirPath = "";
			projectRoot = "";
			targets = (
				EC950E8221B81EA600B3A03D /* DroneMap */,
				EC950E9621B81EA700B3A03D /* DroneMapTests */,
				EC950EA121B81EA800B3A03D /* DroneMapUITests */,
			);
		};
/* End PBXProject section */

/* Begin PBXResourcesBuildPhase section */
		EC950E8121B81EA600B3A03D /* Resources */ = {
			isa = PBXResourcesBuildPhase;
			buildActionMask = 2147483647;
			files = (
				EC950E8E21B81EA700B3A03D /* Assets.xcassets in Resources */,
			);
			runOnlyForDeploymentPostprocessing = 0;
		};
		EC950E9521B81EA700B3A03D /* Resources */ = {
			isa = PBXResourcesBuildPhase;
			buildActionMask = 2147483647;
			files = (
			);
			runOnlyForDeploymentPostprocessing = 0;
		};
		EC950EA021B81EA800B3A03D /* Resources */ = {
			isa = PBXResourcesBuildPhase;
			buildActionMask = 2147483647;
			files = (
			);
			runOnlyForDeploymentPostprocessing = 0;
		};
/* End PBXResourcesBuildPhase section */

/* Begin PBXShellScriptBuildPhase section */
		77380270D9704D07406706F7 /* [CP] Embed Pods Frameworks */ = {
			isa = PBXShellScriptBuildPhase;
			buildActionMask = 2147483647;
			files = (
			);
			inputFileListPaths = (
				"${PODS_ROOT}/Target Support Files/Pods-DroneMap/Pods-DroneMap-frameworks-${CONFIGURATION}-input-files.xcfilelist",
			);
			name = "[CP] Embed Pods Frameworks";
			outputFileListPaths = (
				"${PODS_ROOT}/Target Support Files/Pods-DroneMap/Pods-DroneMap-frameworks-${CONFIGURATION}-output-files.xcfilelist",
			);
			runOnlyForDeploymentPostprocessing = 0;
			shellPath = /bin/sh;
			shellScript = "\"${PODS_ROOT}/Target Support Files/Pods-DroneMap/Pods-DroneMap-frameworks.sh\"\n";
			showEnvVarsInLog = 0;
		};
		E9B7230BF60843A69B025722 /* [CP] Check Pods Manifest.lock */ = {
			isa = PBXShellScriptBuildPhase;
			buildActionMask = 2147483647;
			files = (
			);
			inputFileListPaths = (
			);
			inputPaths = (
				"${PODS_PODFILE_DIR_PATH}/Podfile.lock",
				"${PODS_ROOT}/Manifest.lock",
			);
			name = "[CP] Check Pods Manifest.lock";
			outputFileListPaths = (
			);
			outputPaths = (
				"$(DERIVED_FILE_DIR)/Pods-DroneMap-checkManifestLockResult.txt",
			);
			runOnlyForDeploymentPostprocessing = 0;
			shellPath = /bin/sh;
			shellScript = "diff \"${PODS_PODFILE_DIR_PATH}/Podfile.lock\" \"${PODS_ROOT}/Manifest.lock\" > /dev/null\nif [ $? != 0 ] ; then\n    # print error to STDERR\n    echo \"error: The sandbox is not in sync with the Podfile.lock. Run 'pod install' or update your CocoaPods installation.\" >&2\n    exit 1\nfi\n# This output is used by Xcode 'outputs' to avoid re-running this script phase.\necho \"SUCCESS\" > \"${SCRIPT_OUTPUT_FILE_0}\"\n";
			showEnvVarsInLog = 0;
		};
/* End PBXShellScriptBuildPhase section */

/* Begin PBXSourcesBuildPhase section */
		EC950E7F21B81EA600B3A03D /* Sources */ = {
			isa = PBXSourcesBuildPhase;
			buildActionMask = 2147483647;
			files = (
				EC15EADA2274E6BE0032ACB9 /* LocationService.swift in Sources */,
				EC14732623B1F07E00385067 /* MissionRenderer.swift in Sources */,
				ECD714902365B0F200958956 /* Utils.swift in Sources */,
				EC46217E22998D7C00F08B5E /* StatusViewController.swift in Sources */,
				EC14732223B1F02200385067 /* MovingObjectView.swift in Sources */,
				EC158057229B0A19000741DC /* CommandService.swift in Sources */,
				EC15EADC227CCF570032ACB9 /* NavigationViewController.swift in Sources */,
				EC950E8921B81EA600B3A03D /* ConnectionService.swift in Sources */,
				ECEEEEF0226A0E6E005A71C6 /* ProductService.swift in Sources */,
				EC15EAD42270E0B80032ACB9 /* RootViewController.swift in Sources */,
				EC32569823ACCD320080B006 /* StatusView.swift in Sources */,
				EC15EAD8227498D20032ACB9 /* MapView.swift in Sources */,
				EC15EAD2227080250032ACB9 /* MapViewController.swift in Sources */,
				EC14731F23B1EED500385067 /* MissionPolygon.swift in Sources */,
				ECEEEEEC2269DB2F005A71C6 /* Environment.swift in Sources */,
				EC14731B23B1EE9300385067 /* MovingObject.swift in Sources */,
				ECAAC83A2299B83700FB360F /* ConsoleView.swift in Sources */,
				ECEEEEE82267A24F005A71C6 /* BatteryService.swift in Sources */,
				EC15EADE227CD1D90032ACB9 /* NavigationView.swift in Sources */,
				EC14732823B1F62000385067 /* ConvexHull.swift in Sources */,
				EC15EAE02286FD530032ACB9 /* SimulatorService.swift in Sources */,
				ECDF4B7222593AC600C98F71 /* ConsoleViewController.swift in Sources */,
				EC14732A23B1F63000385067 /* Vector.swift in Sources */,
				EC15EAD62271CBF50032ACB9 /* RootView.swift in Sources */,
				EC950E8721B81EA600B3A03D /* AppDelegate.swift in Sources */,
				EC1C66782291C07B00BEA440 /* ServiceProtocol.swift in Sources */,
				EC14732423B1F03400385067 /* PolygonVertexView.swift in Sources */,
				ECEEEEE4225BCD39005A71C6 /* Logger.swift in Sources */,
				EC14731D23B1EEAE00385067 /* PolygonVertex.swift in Sources */,
				ECEEEEF4226BA5E7005A71C6 /* ServiceBase.swift in Sources */,
			);
			runOnlyForDeploymentPostprocessing = 0;
		};
		EC950E9321B81EA700B3A03D /* Sources */ = {
			isa = PBXSourcesBuildPhase;
			buildActionMask = 2147483647;
			files = (
				EC950E9C21B81EA700B3A03D /* GeometryTests.swift in Sources */,
			);
			runOnlyForDeploymentPostprocessing = 0;
		};
		EC950E9E21B81EA800B3A03D /* Sources */ = {
			isa = PBXSourcesBuildPhase;
			buildActionMask = 2147483647;
			files = (
				EC950EA721B81EA800B3A03D /* DroneMapUITests.swift in Sources */,
			);
			runOnlyForDeploymentPostprocessing = 0;
		};
/* End PBXSourcesBuildPhase section */

/* Begin PBXTargetDependency section */
		EC950E9921B81EA700B3A03D /* PBXTargetDependency */ = {
			isa = PBXTargetDependency;
			target = EC950E8221B81EA600B3A03D /* DroneMap */;
			targetProxy = EC950E9821B81EA700B3A03D /* PBXContainerItemProxy */;
		};
		EC950EA421B81EA800B3A03D /* PBXTargetDependency */ = {
			isa = PBXTargetDependency;
			target = EC950E8221B81EA600B3A03D /* DroneMap */;
			targetProxy = EC950EA321B81EA800B3A03D /* PBXContainerItemProxy */;
		};
/* End PBXTargetDependency section */

/* Begin XCBuildConfiguration section */
		EC950EA921B81EA800B3A03D /* Debug */ = {
			isa = XCBuildConfiguration;
			buildSettings = {
				ALWAYS_SEARCH_USER_PATHS = NO;
				CLANG_ANALYZER_NONNULL = YES;
				CLANG_ANALYZER_NUMBER_OBJECT_CONVERSION = YES_AGGRESSIVE;
				CLANG_CXX_LANGUAGE_STANDARD = "gnu++14";
				CLANG_CXX_LIBRARY = "libc++";
				CLANG_ENABLE_MODULES = YES;
				CLANG_ENABLE_OBJC_ARC = YES;
				CLANG_ENABLE_OBJC_WEAK = YES;
				CLANG_WARN_BLOCK_CAPTURE_AUTORELEASING = YES;
				CLANG_WARN_BOOL_CONVERSION = YES;
				CLANG_WARN_COMMA = YES;
				CLANG_WARN_CONSTANT_CONVERSION = YES;
				CLANG_WARN_DEPRECATED_OBJC_IMPLEMENTATIONS = YES;
				CLANG_WARN_DIRECT_OBJC_ISA_USAGE = YES_ERROR;
				CLANG_WARN_DOCUMENTATION_COMMENTS = YES;
				CLANG_WARN_EMPTY_BODY = YES;
				CLANG_WARN_ENUM_CONVERSION = YES;
				CLANG_WARN_INFINITE_RECURSION = YES;
				CLANG_WARN_INT_CONVERSION = YES;
				CLANG_WARN_NON_LITERAL_NULL_CONVERSION = YES;
				CLANG_WARN_OBJC_IMPLICIT_RETAIN_SELF = YES;
				CLANG_WARN_OBJC_LITERAL_CONVERSION = YES;
				CLANG_WARN_OBJC_ROOT_CLASS = YES_ERROR;
				CLANG_WARN_RANGE_LOOP_ANALYSIS = YES;
				CLANG_WARN_STRICT_PROTOTYPES = YES;
				CLANG_WARN_SUSPICIOUS_MOVE = YES;
				CLANG_WARN_UNGUARDED_AVAILABILITY = YES_AGGRESSIVE;
				CLANG_WARN_UNREACHABLE_CODE = YES;
				CLANG_WARN__DUPLICATE_METHOD_MATCH = YES;
				CODE_SIGN_IDENTITY = "iPhone Developer";
				COPY_PHASE_STRIP = NO;
				DEBUG_INFORMATION_FORMAT = dwarf;
				ENABLE_STRICT_OBJC_MSGSEND = YES;
				ENABLE_TESTABILITY = YES;
				GCC_C_LANGUAGE_STANDARD = gnu11;
				GCC_DYNAMIC_NO_PIC = NO;
				GCC_NO_COMMON_BLOCKS = YES;
				GCC_OPTIMIZATION_LEVEL = 0;
				GCC_PREPROCESSOR_DEFINITIONS = (
					"DEBUG=1",
					"$(inherited)",
				);
				GCC_WARN_64_TO_32_BIT_CONVERSION = YES;
				GCC_WARN_ABOUT_RETURN_TYPE = YES_ERROR;
				GCC_WARN_UNDECLARED_SELECTOR = YES;
				GCC_WARN_UNINITIALIZED_AUTOS = YES_AGGRESSIVE;
				GCC_WARN_UNUSED_FUNCTION = YES;
				GCC_WARN_UNUSED_VARIABLE = YES;
				IPHONEOS_DEPLOYMENT_TARGET = 13.0;
				MTL_ENABLE_DEBUG_INFO = INCLUDE_SOURCE;
				MTL_FAST_MATH = YES;
				ONLY_ACTIVE_ARCH = YES;
				SDKROOT = iphoneos;
				SWIFT_ACTIVE_COMPILATION_CONDITIONS = DEBUG;
				SWIFT_OPTIMIZATION_LEVEL = "-Onone";
			};
			name = Debug;
		};
		EC950EAA21B81EA800B3A03D /* Release */ = {
			isa = XCBuildConfiguration;
			buildSettings = {
				ALWAYS_SEARCH_USER_PATHS = NO;
				CLANG_ANALYZER_NONNULL = YES;
				CLANG_ANALYZER_NUMBER_OBJECT_CONVERSION = YES_AGGRESSIVE;
				CLANG_CXX_LANGUAGE_STANDARD = "gnu++14";
				CLANG_CXX_LIBRARY = "libc++";
				CLANG_ENABLE_MODULES = YES;
				CLANG_ENABLE_OBJC_ARC = YES;
				CLANG_ENABLE_OBJC_WEAK = YES;
				CLANG_WARN_BLOCK_CAPTURE_AUTORELEASING = YES;
				CLANG_WARN_BOOL_CONVERSION = YES;
				CLANG_WARN_COMMA = YES;
				CLANG_WARN_CONSTANT_CONVERSION = YES;
				CLANG_WARN_DEPRECATED_OBJC_IMPLEMENTATIONS = YES;
				CLANG_WARN_DIRECT_OBJC_ISA_USAGE = YES_ERROR;
				CLANG_WARN_DOCUMENTATION_COMMENTS = YES;
				CLANG_WARN_EMPTY_BODY = YES;
				CLANG_WARN_ENUM_CONVERSION = YES;
				CLANG_WARN_INFINITE_RECURSION = YES;
				CLANG_WARN_INT_CONVERSION = YES;
				CLANG_WARN_NON_LITERAL_NULL_CONVERSION = YES;
				CLANG_WARN_OBJC_IMPLICIT_RETAIN_SELF = YES;
				CLANG_WARN_OBJC_LITERAL_CONVERSION = YES;
				CLANG_WARN_OBJC_ROOT_CLASS = YES_ERROR;
				CLANG_WARN_RANGE_LOOP_ANALYSIS = YES;
				CLANG_WARN_STRICT_PROTOTYPES = YES;
				CLANG_WARN_SUSPICIOUS_MOVE = YES;
				CLANG_WARN_UNGUARDED_AVAILABILITY = YES_AGGRESSIVE;
				CLANG_WARN_UNREACHABLE_CODE = YES;
				CLANG_WARN__DUPLICATE_METHOD_MATCH = YES;
				CODE_SIGN_IDENTITY = "iPhone Developer";
				COPY_PHASE_STRIP = NO;
				DEBUG_INFORMATION_FORMAT = "dwarf-with-dsym";
				ENABLE_NS_ASSERTIONS = NO;
				ENABLE_STRICT_OBJC_MSGSEND = YES;
				GCC_C_LANGUAGE_STANDARD = gnu11;
				GCC_NO_COMMON_BLOCKS = YES;
				GCC_WARN_64_TO_32_BIT_CONVERSION = YES;
				GCC_WARN_ABOUT_RETURN_TYPE = YES_ERROR;
				GCC_WARN_UNDECLARED_SELECTOR = YES;
				GCC_WARN_UNINITIALIZED_AUTOS = YES_AGGRESSIVE;
				GCC_WARN_UNUSED_FUNCTION = YES;
				GCC_WARN_UNUSED_VARIABLE = YES;
				IPHONEOS_DEPLOYMENT_TARGET = 13.0;
				MTL_ENABLE_DEBUG_INFO = NO;
				MTL_FAST_MATH = YES;
				SDKROOT = iphoneos;
				SWIFT_COMPILATION_MODE = wholemodule;
				SWIFT_OPTIMIZATION_LEVEL = "-O";
				VALIDATE_PRODUCT = YES;
			};
			name = Release;
		};
		EC950EAC21B81EA800B3A03D /* Debug */ = {
			isa = XCBuildConfiguration;
			baseConfigurationReference = 9A2289144CFB654F00B72808 /* Pods-DroneMap.debug.xcconfig */;
			buildSettings = {
				ASSETCATALOG_COMPILER_APPICON_NAME = AppIcon;
				CODE_SIGN_STYLE = Automatic;
				DEVELOPMENT_TEAM = JF2NVCP8SN;
				ENABLE_BITCODE = NO;
				HEADER_SEARCH_PATHS = "$(PODS_ROOT)/Headers/Public";
				INFOPLIST_FILE = DroneMap/Info.plist;
				IPHONEOS_DEPLOYMENT_TARGET = 13.0;
				LD_RUNPATH_SEARCH_PATHS = (
					"$(inherited)",
					"@executable_path/Frameworks",
				);
				PRODUCT_BUNDLE_IDENTIFIER = com.company.DroneMap;
				PRODUCT_NAME = "$(TARGET_NAME)";
				SWIFT_VERSION = 4.2;
				TARGETED_DEVICE_FAMILY = "1,2";
			};
			name = Debug;
		};
		EC950EAD21B81EA800B3A03D /* Release */ = {
			isa = XCBuildConfiguration;
			baseConfigurationReference = 36FCEE976A7521F8A5A31429 /* Pods-DroneMap.release.xcconfig */;
			buildSettings = {
				ASSETCATALOG_COMPILER_APPICON_NAME = AppIcon;
				CODE_SIGN_STYLE = Automatic;
				DEVELOPMENT_TEAM = JF2NVCP8SN;
				ENABLE_BITCODE = NO;
				HEADER_SEARCH_PATHS = "$(PODS_ROOT)/Headers/Public";
				INFOPLIST_FILE = DroneMap/Info.plist;
				IPHONEOS_DEPLOYMENT_TARGET = 13.0;
				LD_RUNPATH_SEARCH_PATHS = (
					"$(inherited)",
					"@executable_path/Frameworks",
				);
				PRODUCT_BUNDLE_IDENTIFIER = com.company.DroneMap;
				PRODUCT_NAME = "$(TARGET_NAME)";
				SWIFT_VERSION = 4.2;
				TARGETED_DEVICE_FAMILY = "1,2";
			};
			name = Release;
		};
		EC950EAF21B81EA800B3A03D /* Debug */ = {
			isa = XCBuildConfiguration;
			buildSettings = {
				ALWAYS_EMBED_SWIFT_STANDARD_LIBRARIES = YES;
				BUNDLE_LOADER = "$(TEST_HOST)";
				CODE_SIGN_STYLE = Automatic;
				DEVELOPMENT_TEAM = JF2NVCP8SN;
				INFOPLIST_FILE = DroneMapTests/Info.plist;
				IPHONEOS_DEPLOYMENT_TARGET = 13.0;
				LD_RUNPATH_SEARCH_PATHS = (
					"$(inherited)",
					"@executable_path/Frameworks",
					"@loader_path/Frameworks",
				);
				PRODUCT_BUNDLE_IDENTIFIER = com.company.DroneMapTests;
				PRODUCT_NAME = "$(TARGET_NAME)";
				SWIFT_VERSION = 4.2;
				TARGETED_DEVICE_FAMILY = "1,2";
				TEST_HOST = "$(BUILT_PRODUCTS_DIR)/DroneMap.app/DroneMap";
			};
			name = Debug;
		};
		EC950EB021B81EA800B3A03D /* Release */ = {
			isa = XCBuildConfiguration;
			buildSettings = {
				ALWAYS_EMBED_SWIFT_STANDARD_LIBRARIES = YES;
				BUNDLE_LOADER = "$(TEST_HOST)";
				CODE_SIGN_STYLE = Automatic;
				DEVELOPMENT_TEAM = JF2NVCP8SN;
				INFOPLIST_FILE = DroneMapTests/Info.plist;
				IPHONEOS_DEPLOYMENT_TARGET = 13.0;
				LD_RUNPATH_SEARCH_PATHS = (
					"$(inherited)",
					"@executable_path/Frameworks",
					"@loader_path/Frameworks",
				);
				PRODUCT_BUNDLE_IDENTIFIER = com.company.DroneMapTests;
				PRODUCT_NAME = "$(TARGET_NAME)";
				SWIFT_VERSION = 4.2;
				TARGETED_DEVICE_FAMILY = "1,2";
				TEST_HOST = "$(BUILT_PRODUCTS_DIR)/DroneMap.app/DroneMap";
			};
			name = Release;
		};
		EC950EB221B81EA800B3A03D /* Debug */ = {
			isa = XCBuildConfiguration;
			buildSettings = {
				ALWAYS_EMBED_SWIFT_STANDARD_LIBRARIES = YES;
				CODE_SIGN_STYLE = Automatic;
				DEVELOPMENT_TEAM = JF2NVCP8SN;
				INFOPLIST_FILE = DroneMapUITests/Info.plist;
				IPHONEOS_DEPLOYMENT_TARGET = 13.0;
				LD_RUNPATH_SEARCH_PATHS = (
					"$(inherited)",
					"@executable_path/Frameworks",
					"@loader_path/Frameworks",
				);
				PRODUCT_BUNDLE_IDENTIFIER = com.company.DroneMapUITests;
				PRODUCT_NAME = "$(TARGET_NAME)";
				SWIFT_VERSION = 4.2;
				TARGETED_DEVICE_FAMILY = "1,2";
				TEST_TARGET_NAME = DroneMap;
			};
			name = Debug;
		};
		EC950EB321B81EA800B3A03D /* Release */ = {
			isa = XCBuildConfiguration;
			buildSettings = {
				ALWAYS_EMBED_SWIFT_STANDARD_LIBRARIES = YES;
				CODE_SIGN_STYLE = Automatic;
				DEVELOPMENT_TEAM = JF2NVCP8SN;
				INFOPLIST_FILE = DroneMapUITests/Info.plist;
				IPHONEOS_DEPLOYMENT_TARGET = 13.0;
				LD_RUNPATH_SEARCH_PATHS = (
					"$(inherited)",
					"@executable_path/Frameworks",
					"@loader_path/Frameworks",
				);
				PRODUCT_BUNDLE_IDENTIFIER = com.company.DroneMapUITests;
				PRODUCT_NAME = "$(TARGET_NAME)";
				SWIFT_VERSION = 4.2;
				TARGETED_DEVICE_FAMILY = "1,2";
				TEST_TARGET_NAME = DroneMap;
			};
			name = Release;
		};
/* End XCBuildConfiguration section */

/* Begin XCConfigurationList section */
		EC950E7E21B81EA600B3A03D /* Build configuration list for PBXProject "DroneMap" */ = {
			isa = XCConfigurationList;
			buildConfigurations = (
				EC950EA921B81EA800B3A03D /* Debug */,
				EC950EAA21B81EA800B3A03D /* Release */,
			);
			defaultConfigurationIsVisible = 0;
			defaultConfigurationName = Release;
		};
		EC950EAB21B81EA800B3A03D /* Build configuration list for PBXNativeTarget "DroneMap" */ = {
			isa = XCConfigurationList;
			buildConfigurations = (
				EC950EAC21B81EA800B3A03D /* Debug */,
				EC950EAD21B81EA800B3A03D /* Release */,
			);
			defaultConfigurationIsVisible = 0;
			defaultConfigurationName = Release;
		};
		EC950EAE21B81EA800B3A03D /* Build configuration list for PBXNativeTarget "DroneMapTests" */ = {
			isa = XCConfigurationList;
			buildConfigurations = (
				EC950EAF21B81EA800B3A03D /* Debug */,
				EC950EB021B81EA800B3A03D /* Release */,
			);
			defaultConfigurationIsVisible = 0;
			defaultConfigurationName = Release;
		};
		EC950EB121B81EA800B3A03D /* Build configuration list for PBXNativeTarget "DroneMapUITests" */ = {
			isa = XCConfigurationList;
			buildConfigurations = (
				EC950EB221B81EA800B3A03D /* Debug */,
				EC950EB321B81EA800B3A03D /* Release */,
			);
			defaultConfigurationIsVisible = 0;
			defaultConfigurationName = Release;
		};
/* End XCConfigurationList section */
	};
	rootObject = EC950E7B21B81EA600B3A03D /* Project object */;
}
